// !$*UTF8*$!
{
	archiveVersion = 1;
	classes = {
	};
	objectVersion = 50;
	objects = {

/* Begin PBXBuildFile section */
		3872782F7B5D30A308CA528F /* Pods_Hu_FoodTests.framework in Frameworks */ = {isa = PBXBuildFile; fileRef = 5C828EC070CBF2E11D89BF49 /* Pods_Hu_FoodTests.framework */; };
		9CD16445229655F7007CAAA0 /* AppDelegate.swift in Sources */ = {isa = PBXBuildFile; fileRef = 9CD16444229655F7007CAAA0 /* AppDelegate.swift */; };
		9CD1644A229655F7007CAAA0 /* Main.storyboard in Resources */ = {isa = PBXBuildFile; fileRef = 9CD16448229655F7007CAAA0 /* Main.storyboard */; };
		9CD1644C229655FA007CAAA0 /* Assets.xcassets in Resources */ = {isa = PBXBuildFile; fileRef = 9CD1644B229655FA007CAAA0 /* Assets.xcassets */; };
		9CD1644F229655FA007CAAA0 /* LaunchScreen.storyboard in Resources */ = {isa = PBXBuildFile; fileRef = 9CD1644D229655FA007CAAA0 /* LaunchScreen.storyboard */; };
		9CD1645A229655FA007CAAA0 /* Hu_FoodTests.swift in Sources */ = {isa = PBXBuildFile; fileRef = 9CD16459229655FA007CAAA0 /* Hu_FoodTests.swift */; };
		9CD16465229655FA007CAAA0 /* Hu_FoodUITests.swift in Sources */ = {isa = PBXBuildFile; fileRef = 9CD16464229655FA007CAAA0 /* Hu_FoodUITests.swift */; };
		9CD1647D229657DC007CAAA0 /* Storyboards.swift in Sources */ = {isa = PBXBuildFile; fileRef = 9CD1647C229657DB007CAAA0 /* Storyboards.swift */; };
		9CD1647F2296583F007CAAA0 /* MainViewController.swift in Sources */ = {isa = PBXBuildFile; fileRef = 9CD1647E2296583F007CAAA0 /* MainViewController.swift */; };
		9CD1648522965CF8007CAAA0 /* UIView+.swift in Sources */ = {isa = PBXBuildFile; fileRef = 9CD1648222965CF7007CAAA0 /* UIView+.swift */; };
		9CD1648622965CF8007CAAA0 /* UIViewController+Debug.swift in Sources */ = {isa = PBXBuildFile; fileRef = 9CD1648322965CF8007CAAA0 /* UIViewController+Debug.swift */; };
		9CD1648722965CF8007CAAA0 /* UIViewController+.swift in Sources */ = {isa = PBXBuildFile; fileRef = 9CD1648422965CF8007CAAA0 /* UIViewController+.swift */; };
		9CEA16F922968EC9000C4851 /* RepoFood.swift in Sources */ = {isa = PBXBuildFile; fileRef = 9CEA16F822968EC9000C4851 /* RepoFood.swift */; };
		9CEA170822968F02000C4851 /* CustomRequestAdapter.swift in Sources */ = {isa = PBXBuildFile; fileRef = 9CEA16FC22968F02000C4851 /* CustomRequestAdapter.swift */; };
		9CEA170922968F02000C4851 /* BaseResult.swift in Sources */ = {isa = PBXBuildFile; fileRef = 9CEA16FD22968F02000C4851 /* BaseResult.swift */; };
		9CEA170A22968F02000C4851 /* FoodResponse.swift in Sources */ = {isa = PBXBuildFile; fileRef = 9CEA16FF22968F02000C4851 /* FoodResponse.swift */; };
		9CEA170B22968F02000C4851 /* APIService.swift in Sources */ = {isa = PBXBuildFile; fileRef = 9CEA170022968F02000C4851 /* APIService.swift */; };
		9CEA170C22968F02000C4851 /* APIUrls.swift in Sources */ = {isa = PBXBuildFile; fileRef = 9CEA170122968F02000C4851 /* APIUrls.swift */; };
		9CEA170D22968F02000C4851 /* BaseRequest.swift in Sources */ = {isa = PBXBuildFile; fileRef = 9CEA170322968F02000C4851 /* BaseRequest.swift */; };
		9CEA170E22968F02000C4851 /* FoodRequest.swift in Sources */ = {isa = PBXBuildFile; fileRef = 9CEA170422968F02000C4851 /* FoodRequest.swift */; };
		9CEA170F22968F02000C4851 /* ErrorResponse.swift in Sources */ = {isa = PBXBuildFile; fileRef = 9CEA170622968F02000C4851 /* ErrorResponse.swift */; };
		9CEA171022968F02000C4851 /* BaseError.swift in Sources */ = {isa = PBXBuildFile; fileRef = 9CEA170722968F02000C4851 /* BaseError.swift */; };
		9CEA171322968F26000C4851 /* RestSearchDetail.swift in Sources */ = {isa = PBXBuildFile; fileRef = 9CEA171122968F26000C4851 /* RestSearchDetail.swift */; };
		9CEA171422968F26000C4851 /* RestDetail.swift in Sources */ = {isa = PBXBuildFile; fileRef = 9CEA171222968F26000C4851 /* RestDetail.swift */; };
		9CEA1716229695D8000C4851 /* InforRestaurantRequest.swift in Sources */ = {isa = PBXBuildFile; fileRef = 9CEA1715229695D8000C4851 /* InforRestaurantRequest.swift */; };
		9CEA171A22978ADA000C4851 /* ReviewResponse.swift in Sources */ = {isa = PBXBuildFile; fileRef = 9CEA171922978ADA000C4851 /* ReviewResponse.swift */; };
		9CEA171C22978B94000C4851 /* Reviews.swift in Sources */ = {isa = PBXBuildFile; fileRef = 9CEA171B22978B94000C4851 /* Reviews.swift */; };
		9CEA171E2297910C000C4851 /* ReviewsRequest.swift in Sources */ = {isa = PBXBuildFile; fileRef = 9CEA171D2297910C000C4851 /* ReviewsRequest.swift */; };
		9CEA1720229795F1000C4851 /* API.swift in Sources */ = {isa = PBXBuildFile; fileRef = 9CEA171F229795F1000C4851 /* API.swift */; };
		BCBC8A61EE1B3E4940429215 /* Pods_Hu_Food.framework in Frameworks */ = {isa = PBXBuildFile; fileRef = C293294903A0A54BA7F618E4 /* Pods_Hu_Food.framework */; };
		FE09EC3AA16A4B09DACEE3CA /* Pods_Hu_FoodUITests.framework in Frameworks */ = {isa = PBXBuildFile; fileRef = 034508E9090D6987E5869DCA /* Pods_Hu_FoodUITests.framework */; };
/* End PBXBuildFile section */

/* Begin PBXContainerItemProxy section */
		9CD16456229655FA007CAAA0 /* PBXContainerItemProxy */ = {
			isa = PBXContainerItemProxy;
			containerPortal = 9CD16439229655F7007CAAA0 /* Project object */;
			proxyType = 1;
			remoteGlobalIDString = 9CD16440229655F7007CAAA0;
			remoteInfo = "Hu-Food";
		};
		9CD16461229655FA007CAAA0 /* PBXContainerItemProxy */ = {
			isa = PBXContainerItemProxy;
			containerPortal = 9CD16439229655F7007CAAA0 /* Project object */;
			proxyType = 1;
			remoteGlobalIDString = 9CD16440229655F7007CAAA0;
			remoteInfo = "Hu-Food";
		};
/* End PBXContainerItemProxy section */

/* Begin PBXFileReference section */
		034508E9090D6987E5869DCA /* Pods_Hu_FoodUITests.framework */ = {isa = PBXFileReference; explicitFileType = wrapper.framework; includeInIndex = 0; path = Pods_Hu_FoodUITests.framework; sourceTree = BUILT_PRODUCTS_DIR; };
		0BF2638F9DA2B98AEE6A6907 /* Pods-Hu-Food.debug.xcconfig */ = {isa = PBXFileReference; includeInIndex = 1; lastKnownFileType = text.xcconfig; name = "Pods-Hu-Food.debug.xcconfig"; path = "Target Support Files/Pods-Hu-Food/Pods-Hu-Food.debug.xcconfig"; sourceTree = "<group>"; };
		16A343856D6FE625FE441F28 /* Pods-Hu-FoodTests.release.xcconfig */ = {isa = PBXFileReference; includeInIndex = 1; lastKnownFileType = text.xcconfig; name = "Pods-Hu-FoodTests.release.xcconfig"; path = "Target Support Files/Pods-Hu-FoodTests/Pods-Hu-FoodTests.release.xcconfig"; sourceTree = "<group>"; };
		227179980246DA5798A0018E /* Pods-Hu-FoodUITests.release.xcconfig */ = {isa = PBXFileReference; includeInIndex = 1; lastKnownFileType = text.xcconfig; name = "Pods-Hu-FoodUITests.release.xcconfig"; path = "Target Support Files/Pods-Hu-FoodUITests/Pods-Hu-FoodUITests.release.xcconfig"; sourceTree = "<group>"; };
		571D71AEADCB5068677D14B1 /* Pods-Hu-Food.release.xcconfig */ = {isa = PBXFileReference; includeInIndex = 1; lastKnownFileType = text.xcconfig; name = "Pods-Hu-Food.release.xcconfig"; path = "Target Support Files/Pods-Hu-Food/Pods-Hu-Food.release.xcconfig"; sourceTree = "<group>"; };
		5C828EC070CBF2E11D89BF49 /* Pods_Hu_FoodTests.framework */ = {isa = PBXFileReference; explicitFileType = wrapper.framework; includeInIndex = 0; path = Pods_Hu_FoodTests.framework; sourceTree = BUILT_PRODUCTS_DIR; };
		9CD16441229655F7007CAAA0 /* Hu-Food.app */ = {isa = PBXFileReference; explicitFileType = wrapper.application; includeInIndex = 0; path = "Hu-Food.app"; sourceTree = BUILT_PRODUCTS_DIR; };
		9CD16444229655F7007CAAA0 /* AppDelegate.swift */ = {isa = PBXFileReference; lastKnownFileType = sourcecode.swift; path = AppDelegate.swift; sourceTree = "<group>"; };
		9CD16449229655F7007CAAA0 /* Base */ = {isa = PBXFileReference; lastKnownFileType = file.storyboard; name = Base; path = Base.lproj/Main.storyboard; sourceTree = "<group>"; };
		9CD1644B229655FA007CAAA0 /* Assets.xcassets */ = {isa = PBXFileReference; lastKnownFileType = folder.assetcatalog; path = Assets.xcassets; sourceTree = "<group>"; };
		9CD1644E229655FA007CAAA0 /* Base */ = {isa = PBXFileReference; lastKnownFileType = file.storyboard; name = Base; path = Base.lproj/LaunchScreen.storyboard; sourceTree = "<group>"; };
		9CD16450229655FA007CAAA0 /* Info.plist */ = {isa = PBXFileReference; lastKnownFileType = text.plist.xml; path = Info.plist; sourceTree = "<group>"; };
		9CD16455229655FA007CAAA0 /* Hu-FoodTests.xctest */ = {isa = PBXFileReference; explicitFileType = wrapper.cfbundle; includeInIndex = 0; path = "Hu-FoodTests.xctest"; sourceTree = BUILT_PRODUCTS_DIR; };
		9CD16459229655FA007CAAA0 /* Hu_FoodTests.swift */ = {isa = PBXFileReference; lastKnownFileType = sourcecode.swift; path = Hu_FoodTests.swift; sourceTree = "<group>"; };
		9CD1645B229655FA007CAAA0 /* Info.plist */ = {isa = PBXFileReference; lastKnownFileType = text.plist.xml; path = Info.plist; sourceTree = "<group>"; };
		9CD16460229655FA007CAAA0 /* Hu-FoodUITests.xctest */ = {isa = PBXFileReference; explicitFileType = wrapper.cfbundle; includeInIndex = 0; path = "Hu-FoodUITests.xctest"; sourceTree = BUILT_PRODUCTS_DIR; };
		9CD16464229655FA007CAAA0 /* Hu_FoodUITests.swift */ = {isa = PBXFileReference; lastKnownFileType = sourcecode.swift; path = Hu_FoodUITests.swift; sourceTree = "<group>"; };
		9CD16466229655FA007CAAA0 /* Info.plist */ = {isa = PBXFileReference; lastKnownFileType = text.plist.xml; path = Info.plist; sourceTree = "<group>"; };
		9CD1647A22965760007CAAA0 /* Bridging-Header.h */ = {isa = PBXFileReference; lastKnownFileType = sourcecode.c.h; path = "Bridging-Header.h"; sourceTree = "<group>"; };
		9CD1647C229657DB007CAAA0 /* Storyboards.swift */ = {isa = PBXFileReference; lastKnownFileType = sourcecode.swift; path = Storyboards.swift; sourceTree = "<group>"; };
		9CD1647E2296583F007CAAA0 /* MainViewController.swift */ = {isa = PBXFileReference; lastKnownFileType = sourcecode.swift; path = MainViewController.swift; sourceTree = "<group>"; };
		9CD1648222965CF7007CAAA0 /* UIView+.swift */ = {isa = PBXFileReference; fileEncoding = 4; lastKnownFileType = sourcecode.swift; path = "UIView+.swift"; sourceTree = "<group>"; };
		9CD1648322965CF8007CAAA0 /* UIViewController+Debug.swift */ = {isa = PBXFileReference; fileEncoding = 4; lastKnownFileType = sourcecode.swift; path = "UIViewController+Debug.swift"; sourceTree = "<group>"; };
		9CD1648422965CF8007CAAA0 /* UIViewController+.swift */ = {isa = PBXFileReference; fileEncoding = 4; lastKnownFileType = sourcecode.swift; path = "UIViewController+.swift"; sourceTree = "<group>"; };
		9CEA16F822968EC9000C4851 /* RepoFood.swift */ = {isa = PBXFileReference; fileEncoding = 4; lastKnownFileType = sourcecode.swift; path = RepoFood.swift; sourceTree = "<group>"; };
		9CEA16FC22968F02000C4851 /* CustomRequestAdapter.swift */ = {isa = PBXFileReference; fileEncoding = 4; lastKnownFileType = sourcecode.swift; path = CustomRequestAdapter.swift; sourceTree = "<group>"; };
		9CEA16FD22968F02000C4851 /* BaseResult.swift */ = {isa = PBXFileReference; fileEncoding = 4; lastKnownFileType = sourcecode.swift; path = BaseResult.swift; sourceTree = "<group>"; };
		9CEA16FF22968F02000C4851 /* FoodResponse.swift */ = {isa = PBXFileReference; fileEncoding = 4; lastKnownFileType = sourcecode.swift; path = FoodResponse.swift; sourceTree = "<group>"; };
		9CEA170022968F02000C4851 /* APIService.swift */ = {isa = PBXFileReference; fileEncoding = 4; lastKnownFileType = sourcecode.swift; path = APIService.swift; sourceTree = "<group>"; };
		9CEA170122968F02000C4851 /* APIUrls.swift */ = {isa = PBXFileReference; fileEncoding = 4; lastKnownFileType = sourcecode.swift; path = APIUrls.swift; sourceTree = "<group>"; };
		9CEA170322968F02000C4851 /* BaseRequest.swift */ = {isa = PBXFileReference; fileEncoding = 4; lastKnownFileType = sourcecode.swift; path = BaseRequest.swift; sourceTree = "<group>"; };
		9CEA170422968F02000C4851 /* FoodRequest.swift */ = {isa = PBXFileReference; fileEncoding = 4; lastKnownFileType = sourcecode.swift; path = FoodRequest.swift; sourceTree = "<group>"; };
		9CEA170622968F02000C4851 /* ErrorResponse.swift */ = {isa = PBXFileReference; fileEncoding = 4; lastKnownFileType = sourcecode.swift; path = ErrorResponse.swift; sourceTree = "<group>"; };
		9CEA170722968F02000C4851 /* BaseError.swift */ = {isa = PBXFileReference; fileEncoding = 4; lastKnownFileType = sourcecode.swift; path = BaseError.swift; sourceTree = "<group>"; };
		9CEA171122968F26000C4851 /* RestSearchDetail.swift */ = {isa = PBXFileReference; fileEncoding = 4; lastKnownFileType = sourcecode.swift; path = RestSearchDetail.swift; sourceTree = "<group>"; };
		9CEA171222968F26000C4851 /* RestDetail.swift */ = {isa = PBXFileReference; fileEncoding = 4; lastKnownFileType = sourcecode.swift; path = RestDetail.swift; sourceTree = "<group>"; };
		9CEA1715229695D8000C4851 /* InforRestaurantRequest.swift */ = {isa = PBXFileReference; lastKnownFileType = sourcecode.swift; path = InforRestaurantRequest.swift; sourceTree = "<group>"; };
		9CEA171922978ADA000C4851 /* ReviewResponse.swift */ = {isa = PBXFileReference; lastKnownFileType = sourcecode.swift; path = ReviewResponse.swift; sourceTree = "<group>"; };
		9CEA171B22978B94000C4851 /* Reviews.swift */ = {isa = PBXFileReference; lastKnownFileType = sourcecode.swift; path = Reviews.swift; sourceTree = "<group>"; };
		9CEA171D2297910C000C4851 /* ReviewsRequest.swift */ = {isa = PBXFileReference; lastKnownFileType = sourcecode.swift; path = ReviewsRequest.swift; sourceTree = "<group>"; };
		9CEA171F229795F1000C4851 /* API.swift */ = {isa = PBXFileReference; lastKnownFileType = sourcecode.swift; path = API.swift; sourceTree = "<group>"; wrapsLines = 0; };
		B200D943C0BD97999558A256 /* Pods-Hu-FoodUITests.debug.xcconfig */ = {isa = PBXFileReference; includeInIndex = 1; lastKnownFileType = text.xcconfig; name = "Pods-Hu-FoodUITests.debug.xcconfig"; path = "Target Support Files/Pods-Hu-FoodUITests/Pods-Hu-FoodUITests.debug.xcconfig"; sourceTree = "<group>"; };
		C293294903A0A54BA7F618E4 /* Pods_Hu_Food.framework */ = {isa = PBXFileReference; explicitFileType = wrapper.framework; includeInIndex = 0; path = Pods_Hu_Food.framework; sourceTree = BUILT_PRODUCTS_DIR; };
		F53A695A1FE7C5AEA9306E2A /* Pods-Hu-FoodTests.debug.xcconfig */ = {isa = PBXFileReference; includeInIndex = 1; lastKnownFileType = text.xcconfig; name = "Pods-Hu-FoodTests.debug.xcconfig"; path = "Target Support Files/Pods-Hu-FoodTests/Pods-Hu-FoodTests.debug.xcconfig"; sourceTree = "<group>"; };
/* End PBXFileReference section */

/* Begin PBXFrameworksBuildPhase section */
		9CD1643E229655F7007CAAA0 /* Frameworks */ = {
			isa = PBXFrameworksBuildPhase;
			buildActionMask = 2147483647;
			files = (
				BCBC8A61EE1B3E4940429215 /* Pods_Hu_Food.framework in Frameworks */,
			);
			runOnlyForDeploymentPostprocessing = 0;
		};
		9CD16452229655FA007CAAA0 /* Frameworks */ = {
			isa = PBXFrameworksBuildPhase;
			buildActionMask = 2147483647;
			files = (
				3872782F7B5D30A308CA528F /* Pods_Hu_FoodTests.framework in Frameworks */,
			);
			runOnlyForDeploymentPostprocessing = 0;
		};
		9CD1645D229655FA007CAAA0 /* Frameworks */ = {
			isa = PBXFrameworksBuildPhase;
			buildActionMask = 2147483647;
			files = (
				FE09EC3AA16A4B09DACEE3CA /* Pods_Hu_FoodUITests.framework in Frameworks */,
			);
			runOnlyForDeploymentPostprocessing = 0;
		};
/* End PBXFrameworksBuildPhase section */

/* Begin PBXGroup section */
		9CD16438229655F7007CAAA0 = {
			isa = PBXGroup;
			children = (
				9CD16443229655F7007CAAA0 /* Hu-Food */,
				9CD16458229655FA007CAAA0 /* Hu-FoodTests */,
				9CD16463229655FA007CAAA0 /* Hu-FoodUITests */,
				9CD16442229655F7007CAAA0 /* Products */,
				B3455B3DBD6E94F24BD2DA4C /* Pods */,
				E5062241151445C268415009 /* Frameworks */,
			);
			sourceTree = "<group>";
		};
		9CD16442229655F7007CAAA0 /* Products */ = {
			isa = PBXGroup;
			children = (
				9CD16441229655F7007CAAA0 /* Hu-Food.app */,
				9CD16455229655FA007CAAA0 /* Hu-FoodTests.xctest */,
				9CD16460229655FA007CAAA0 /* Hu-FoodUITests.xctest */,
			);
			name = Products;
			sourceTree = "<group>";
		};
		9CD16443229655F7007CAAA0 /* Hu-Food */ = {
			isa = PBXGroup;
			children = (
				9CD1647222965620007CAAA0 /* App */,
				9CD16475229656A0007CAAA0 /* Extensions */,
				9CEA16F722968EC9000C4851 /* Restaurants */,
				9CD164732296564E007CAAA0 /* Data */,
				9CD16476229656AD007CAAA0 /* Scences */,
				9CD16477229656E7007CAAA0 /* Support */,
				9CD1644B229655FA007CAAA0 /* Assets.xcassets */,
				9CD1644D229655FA007CAAA0 /* LaunchScreen.storyboard */,
				9CD16450229655FA007CAAA0 /* Info.plist */,
				9CD1647A22965760007CAAA0 /* Bridging-Header.h */,
			);
			path = "Hu-Food";
			sourceTree = "<group>";
		};
		9CD16458229655FA007CAAA0 /* Hu-FoodTests */ = {
			isa = PBXGroup;
			children = (
				9CD16459229655FA007CAAA0 /* Hu_FoodTests.swift */,
				9CD1645B229655FA007CAAA0 /* Info.plist */,
			);
			path = "Hu-FoodTests";
			sourceTree = "<group>";
		};
		9CD16463229655FA007CAAA0 /* Hu-FoodUITests */ = {
			isa = PBXGroup;
			children = (
				9CD16464229655FA007CAAA0 /* Hu_FoodUITests.swift */,
				9CD16466229655FA007CAAA0 /* Info.plist */,
			);
			path = "Hu-FoodUITests";
			sourceTree = "<group>";
		};
		9CD1647222965620007CAAA0 /* App */ = {
			isa = PBXGroup;
			children = (
				9CD16444229655F7007CAAA0 /* AppDelegate.swift */,
			);
			path = App;
			sourceTree = "<group>";
		};
		9CD164732296564E007CAAA0 /* Data */ = {
			isa = PBXGroup;
			children = (
				9CD1647B229657BF007CAAA0 /* Source */,
				9CD164742296568E007CAAA0 /* Model */,
			);
			path = Data;
			sourceTree = "<group>";
		};
		9CD164742296568E007CAAA0 /* Model */ = {
			isa = PBXGroup;
			children = (
				9CEA171222968F26000C4851 /* RestDetail.swift */,
				9CEA171122968F26000C4851 /* RestSearchDetail.swift */,
				9CEA171B22978B94000C4851 /* Reviews.swift */,
			);
			path = Model;
			sourceTree = "<group>";
		};
		9CD16475229656A0007CAAA0 /* Extensions */ = {
			isa = PBXGroup;
			children = (
				9CD1648222965CF7007CAAA0 /* UIView+.swift */,
				9CD1648422965CF8007CAAA0 /* UIViewController+.swift */,
				9CD1648322965CF8007CAAA0 /* UIViewController+Debug.swift */,
			);
			path = Extensions;
			sourceTree = "<group>";
		};
		9CD16476229656AD007CAAA0 /* Scences */ = {
			isa = PBXGroup;
			children = (
				9CD1647922965712007CAAA0 /* Main */,
				9CD1647822965700007CAAA0 /* Storyboard */,
			);
			path = Scences;
			sourceTree = "<group>";
		};
		9CD16477229656E7007CAAA0 /* Support */ = {
			isa = PBXGroup;
			children = (
			);
			path = Support;
			sourceTree = "<group>";
		};
		9CD1647822965700007CAAA0 /* Storyboard */ = {
			isa = PBXGroup;
			children = (
				9CD16448229655F7007CAAA0 /* Main.storyboard */,
				9CD1647C229657DB007CAAA0 /* Storyboards.swift */,
			);
			path = Storyboard;
			sourceTree = "<group>";
		};
		9CD1647922965712007CAAA0 /* Main */ = {
			isa = PBXGroup;
			children = (
				9CD1647E2296583F007CAAA0 /* MainViewController.swift */,
			);
			path = Main;
			sourceTree = "<group>";
		};
		9CD1647B229657BF007CAAA0 /* Source */ = {
			isa = PBXGroup;
			children = (
				9CD1648022965CD0007CAAA0 /* Remote */,
			);
			path = Source;
			sourceTree = "<group>";
		};
		9CD1648022965CD0007CAAA0 /* Remote */ = {
			isa = PBXGroup;
			children = (
				9CEA16FA22968F02000C4851 /* API */,
			);
			path = Remote;
			sourceTree = "<group>";
		};
		9CEA16F722968EC9000C4851 /* Restaurants */ = {
			isa = PBXGroup;
			children = (
				9CEA16F822968EC9000C4851 /* RepoFood.swift */,
			);
			path = Restaurants;
			sourceTree = "<group>";
		};
		9CEA16FA22968F02000C4851 /* API */ = {
			isa = PBXGroup;
			children = (
				9CEA16FB22968F02000C4851 /* Middleware */,
				9CEA16FE22968F02000C4851 /* Response */,
				9CEA170022968F02000C4851 /* APIService.swift */,
				9CEA170122968F02000C4851 /* APIUrls.swift */,
				9CEA170222968F02000C4851 /* Request */,
				9CEA170522968F02000C4851 /* Error */,
			);
			path = API;
			sourceTree = "<group>";
		};
		9CEA16FB22968F02000C4851 /* Middleware */ = {
			isa = PBXGroup;
			children = (
				9CEA16FC22968F02000C4851 /* CustomRequestAdapter.swift */,
				9CEA16FD22968F02000C4851 /* BaseResult.swift */,
				9CEA171F229795F1000C4851 /* API.swift */,
			);
			path = Middleware;
			sourceTree = "<group>";
		};
		9CEA16FE22968F02000C4851 /* Response */ = {
			isa = PBXGroup;
			children = (
				9CEA16FF22968F02000C4851 /* FoodResponse.swift */,
				9CEA171922978ADA000C4851 /* ReviewResponse.swift */,
			);
			path = Response;
			sourceTree = "<group>";
		};
		9CEA170222968F02000C4851 /* Request */ = {
			isa = PBXGroup;
			children = (
				9CEA170322968F02000C4851 /* BaseRequest.swift */,
				9CEA170422968F02000C4851 /* FoodRequest.swift */,
				9CEA1715229695D8000C4851 /* InforRestaurantRequest.swift */,
				9CEA171D2297910C000C4851 /* ReviewsRequest.swift */,
			);
			path = Request;
			sourceTree = "<group>";
		};
		9CEA170522968F02000C4851 /* Error */ = {
			isa = PBXGroup;
			children = (
				9CEA170622968F02000C4851 /* ErrorResponse.swift */,
				9CEA170722968F02000C4851 /* BaseError.swift */,
			);
			path = Error;
			sourceTree = "<group>";
		};
		B3455B3DBD6E94F24BD2DA4C /* Pods */ = {
			isa = PBXGroup;
			children = (
				0BF2638F9DA2B98AEE6A6907 /* Pods-Hu-Food.debug.xcconfig */,
				571D71AEADCB5068677D14B1 /* Pods-Hu-Food.release.xcconfig */,
				F53A695A1FE7C5AEA9306E2A /* Pods-Hu-FoodTests.debug.xcconfig */,
				16A343856D6FE625FE441F28 /* Pods-Hu-FoodTests.release.xcconfig */,
				B200D943C0BD97999558A256 /* Pods-Hu-FoodUITests.debug.xcconfig */,
				227179980246DA5798A0018E /* Pods-Hu-FoodUITests.release.xcconfig */,
			);
			path = Pods;
			sourceTree = "<group>";
		};
		E5062241151445C268415009 /* Frameworks */ = {
			isa = PBXGroup;
			children = (
				C293294903A0A54BA7F618E4 /* Pods_Hu_Food.framework */,
				5C828EC070CBF2E11D89BF49 /* Pods_Hu_FoodTests.framework */,
				034508E9090D6987E5869DCA /* Pods_Hu_FoodUITests.framework */,
			);
			name = Frameworks;
			sourceTree = "<group>";
		};
/* End PBXGroup section */

/* Begin PBXNativeTarget section */
		9CD16440229655F7007CAAA0 /* Hu-Food */ = {
			isa = PBXNativeTarget;
			buildConfigurationList = 9CD16469229655FA007CAAA0 /* Build configuration list for PBXNativeTarget "Hu-Food" */;
			buildPhases = (
				6B8A077778514BB8A1407831 /* [CP] Check Pods Manifest.lock */,
				9CD1643D229655F7007CAAA0 /* Sources */,
				9CD1643E229655F7007CAAA0 /* Frameworks */,
				9CD1643F229655F7007CAAA0 /* Resources */,
				C8CEF706614EA77A789424ED /* [CP] Embed Pods Frameworks */,
			);
			buildRules = (
			);
			dependencies = (
			);
			name = "Hu-Food";
			productName = "Hu-Food";
			productReference = 9CD16441229655F7007CAAA0 /* Hu-Food.app */;
			productType = "com.apple.product-type.application";
		};
		9CD16454229655FA007CAAA0 /* Hu-FoodTests */ = {
			isa = PBXNativeTarget;
			buildConfigurationList = 9CD1646C229655FA007CAAA0 /* Build configuration list for PBXNativeTarget "Hu-FoodTests" */;
			buildPhases = (
				E219039F8EE8B0676E5C00A0 /* [CP] Check Pods Manifest.lock */,
				9CD16451229655FA007CAAA0 /* Sources */,
				9CD16452229655FA007CAAA0 /* Frameworks */,
				9CD16453229655FA007CAAA0 /* Resources */,
			);
			buildRules = (
			);
			dependencies = (
				9CD16457229655FA007CAAA0 /* PBXTargetDependency */,
			);
			name = "Hu-FoodTests";
			productName = "Hu-FoodTests";
			productReference = 9CD16455229655FA007CAAA0 /* Hu-FoodTests.xctest */;
			productType = "com.apple.product-type.bundle.unit-test";
		};
		9CD1645F229655FA007CAAA0 /* Hu-FoodUITests */ = {
			isa = PBXNativeTarget;
			buildConfigurationList = 9CD1646F229655FA007CAAA0 /* Build configuration list for PBXNativeTarget "Hu-FoodUITests" */;
			buildPhases = (
				46D35607C20ECF71E76E2E75 /* [CP] Check Pods Manifest.lock */,
				9CD1645C229655FA007CAAA0 /* Sources */,
				9CD1645D229655FA007CAAA0 /* Frameworks */,
				9CD1645E229655FA007CAAA0 /* Resources */,
			);
			buildRules = (
			);
			dependencies = (
				9CD16462229655FA007CAAA0 /* PBXTargetDependency */,
			);
			name = "Hu-FoodUITests";
			productName = "Hu-FoodUITests";
			productReference = 9CD16460229655FA007CAAA0 /* Hu-FoodUITests.xctest */;
			productType = "com.apple.product-type.bundle.ui-testing";
		};
/* End PBXNativeTarget section */

/* Begin PBXProject section */
		9CD16439229655F7007CAAA0 /* Project object */ = {
			isa = PBXProject;
			attributes = {
				LastSwiftUpdateCheck = 1020;
				LastUpgradeCheck = 1020;
				ORGANIZATIONNAME = nguyen.the.trinh;
				TargetAttributes = {
					9CD16440229655F7007CAAA0 = {
						CreatedOnToolsVersion = 10.2.1;
					};
					9CD16454229655FA007CAAA0 = {
						CreatedOnToolsVersion = 10.2.1;
						TestTargetID = 9CD16440229655F7007CAAA0;
					};
					9CD1645F229655FA007CAAA0 = {
						CreatedOnToolsVersion = 10.2.1;
						TestTargetID = 9CD16440229655F7007CAAA0;
					};
				};
			};
			buildConfigurationList = 9CD1643C229655F7007CAAA0 /* Build configuration list for PBXProject "Hu-Food" */;
			compatibilityVersion = "Xcode 9.3";
			developmentRegion = en;
			hasScannedForEncodings = 0;
			knownRegions = (
				en,
				Base,
			);
			mainGroup = 9CD16438229655F7007CAAA0;
			productRefGroup = 9CD16442229655F7007CAAA0 /* Products */;
			projectDirPath = "";
			projectRoot = "";
			targets = (
				9CD16440229655F7007CAAA0 /* Hu-Food */,
				9CD16454229655FA007CAAA0 /* Hu-FoodTests */,
				9CD1645F229655FA007CAAA0 /* Hu-FoodUITests */,
			);
		};
/* End PBXProject section */

/* Begin PBXResourcesBuildPhase section */
		9CD1643F229655F7007CAAA0 /* Resources */ = {
			isa = PBXResourcesBuildPhase;
			buildActionMask = 2147483647;
			files = (
				9CD1644F229655FA007CAAA0 /* LaunchScreen.storyboard in Resources */,
				9CD1644C229655FA007CAAA0 /* Assets.xcassets in Resources */,
				9CD1644A229655F7007CAAA0 /* Main.storyboard in Resources */,
			);
			runOnlyForDeploymentPostprocessing = 0;
		};
		9CD16453229655FA007CAAA0 /* Resources */ = {
			isa = PBXResourcesBuildPhase;
			buildActionMask = 2147483647;
			files = (
			);
			runOnlyForDeploymentPostprocessing = 0;
		};
		9CD1645E229655FA007CAAA0 /* Resources */ = {
			isa = PBXResourcesBuildPhase;
			buildActionMask = 2147483647;
			files = (
			);
			runOnlyForDeploymentPostprocessing = 0;
		};
/* End PBXResourcesBuildPhase section */

/* Begin PBXShellScriptBuildPhase section */
		46D35607C20ECF71E76E2E75 /* [CP] Check Pods Manifest.lock */ = {
			isa = PBXShellScriptBuildPhase;
			buildActionMask = 2147483647;
			files = (
			);
			inputFileListPaths = (
			);
			inputPaths = (
				"${PODS_PODFILE_DIR_PATH}/Podfile.lock",
				"${PODS_ROOT}/Manifest.lock",
			);
			name = "[CP] Check Pods Manifest.lock";
			outputFileListPaths = (
			);
			outputPaths = (
				"$(DERIVED_FILE_DIR)/Pods-Hu-FoodUITests-checkManifestLockResult.txt",
			);
			runOnlyForDeploymentPostprocessing = 0;
			shellPath = /bin/sh;
			shellScript = "diff \"${PODS_PODFILE_DIR_PATH}/Podfile.lock\" \"${PODS_ROOT}/Manifest.lock\" > /dev/null\nif [ $? != 0 ] ; then\n    # print error to STDERR\n    echo \"error: The sandbox is not in sync with the Podfile.lock. Run 'pod install' or update your CocoaPods installation.\" >&2\n    exit 1\nfi\n# This output is used by Xcode 'outputs' to avoid re-running this script phase.\necho \"SUCCESS\" > \"${SCRIPT_OUTPUT_FILE_0}\"\n";
			showEnvVarsInLog = 0;
		};
		6B8A077778514BB8A1407831 /* [CP] Check Pods Manifest.lock */ = {
			isa = PBXShellScriptBuildPhase;
			buildActionMask = 2147483647;
			files = (
			);
			inputFileListPaths = (
			);
			inputPaths = (
				"${PODS_PODFILE_DIR_PATH}/Podfile.lock",
				"${PODS_ROOT}/Manifest.lock",
			);
			name = "[CP] Check Pods Manifest.lock";
			outputFileListPaths = (
			);
			outputPaths = (
				"$(DERIVED_FILE_DIR)/Pods-Hu-Food-checkManifestLockResult.txt",
			);
			runOnlyForDeploymentPostprocessing = 0;
			shellPath = /bin/sh;
			shellScript = "diff \"${PODS_PODFILE_DIR_PATH}/Podfile.lock\" \"${PODS_ROOT}/Manifest.lock\" > /dev/null\nif [ $? != 0 ] ; then\n    # print error to STDERR\n    echo \"error: The sandbox is not in sync with the Podfile.lock. Run 'pod install' or update your CocoaPods installation.\" >&2\n    exit 1\nfi\n# This output is used by Xcode 'outputs' to avoid re-running this script phase.\necho \"SUCCESS\" > \"${SCRIPT_OUTPUT_FILE_0}\"\n";
			showEnvVarsInLog = 0;
		};
		C8CEF706614EA77A789424ED /* [CP] Embed Pods Frameworks */ = {
			isa = PBXShellScriptBuildPhase;
			buildActionMask = 2147483647;
			files = (
			);
			inputFileListPaths = (
			);
			inputPaths = (
				"${PODS_ROOT}/Target Support Files/Pods-Hu-Food/Pods-Hu-Food-frameworks.sh",
				"${BUILT_PRODUCTS_DIR}/Alamofire/Alamofire.framework",
				"${BUILT_PRODUCTS_DIR}/AlamofireObjectMapper/AlamofireObjectMapper.framework",
				"${BUILT_PRODUCTS_DIR}/Kingfisher/Kingfisher.framework",
				"${BUILT_PRODUCTS_DIR}/ObjectMapper/ObjectMapper.framework",
				"${BUILT_PRODUCTS_DIR}/Realm/Realm.framework",
				"${BUILT_PRODUCTS_DIR}/Reusable/Reusable.framework",
				"${BUILT_PRODUCTS_DIR}/Then/Then.framework",
			);
			name = "[CP] Embed Pods Frameworks";
			outputFileListPaths = (
			);
			outputPaths = (
				"${TARGET_BUILD_DIR}/${FRAMEWORKS_FOLDER_PATH}/Alamofire.framework",
				"${TARGET_BUILD_DIR}/${FRAMEWORKS_FOLDER_PATH}/AlamofireObjectMapper.framework",
				"${TARGET_BUILD_DIR}/${FRAMEWORKS_FOLDER_PATH}/Kingfisher.framework",
				"${TARGET_BUILD_DIR}/${FRAMEWORKS_FOLDER_PATH}/ObjectMapper.framework",
				"${TARGET_BUILD_DIR}/${FRAMEWORKS_FOLDER_PATH}/Realm.framework",
				"${TARGET_BUILD_DIR}/${FRAMEWORKS_FOLDER_PATH}/Reusable.framework",
				"${TARGET_BUILD_DIR}/${FRAMEWORKS_FOLDER_PATH}/Then.framework",
			);
			runOnlyForDeploymentPostprocessing = 0;
			shellPath = /bin/sh;
			shellScript = "\"${PODS_ROOT}/Target Support Files/Pods-Hu-Food/Pods-Hu-Food-frameworks.sh\"\n";
			showEnvVarsInLog = 0;
		};
		E219039F8EE8B0676E5C00A0 /* [CP] Check Pods Manifest.lock */ = {
			isa = PBXShellScriptBuildPhase;
			buildActionMask = 2147483647;
			files = (
			);
			inputFileListPaths = (
			);
			inputPaths = (
				"${PODS_PODFILE_DIR_PATH}/Podfile.lock",
				"${PODS_ROOT}/Manifest.lock",
			);
			name = "[CP] Check Pods Manifest.lock";
			outputFileListPaths = (
			);
			outputPaths = (
				"$(DERIVED_FILE_DIR)/Pods-Hu-FoodTests-checkManifestLockResult.txt",
			);
			runOnlyForDeploymentPostprocessing = 0;
			shellPath = /bin/sh;
			shellScript = "diff \"${PODS_PODFILE_DIR_PATH}/Podfile.lock\" \"${PODS_ROOT}/Manifest.lock\" > /dev/null\nif [ $? != 0 ] ; then\n    # print error to STDERR\n    echo \"error: The sandbox is not in sync with the Podfile.lock. Run 'pod install' or update your CocoaPods installation.\" >&2\n    exit 1\nfi\n# This output is used by Xcode 'outputs' to avoid re-running this script phase.\necho \"SUCCESS\" > \"${SCRIPT_OUTPUT_FILE_0}\"\n";
			showEnvVarsInLog = 0;
		};
/* End PBXShellScriptBuildPhase section */

/* Begin PBXSourcesBuildPhase section */
		9CD1643D229655F7007CAAA0 /* Sources */ = {
			isa = PBXSourcesBuildPhase;
			buildActionMask = 2147483647;
			files = (
				9CEA170F22968F02000C4851 /* ErrorResponse.swift in Sources */,
				9CEA171322968F26000C4851 /* RestSearchDetail.swift in Sources */,
				9CEA16F922968EC9000C4851 /* RepoFood.swift in Sources */,
				9CD1648522965CF8007CAAA0 /* UIView+.swift in Sources */,
				9CEA170822968F02000C4851 /* CustomRequestAdapter.swift in Sources */,
				9CD1647F2296583F007CAAA0 /* MainViewController.swift in Sources */,
				9CEA171C22978B94000C4851 /* Reviews.swift in Sources */,
				9CEA171E2297910C000C4851 /* ReviewsRequest.swift in Sources */,
				9CEA170B22968F02000C4851 /* APIService.swift in Sources */,
				9CEA170E22968F02000C4851 /* FoodRequest.swift in Sources */,
				9CEA171422968F26000C4851 /* RestDetail.swift in Sources */,
				9CD1648722965CF8007CAAA0 /* UIViewController+.swift in Sources */,
				9CEA170922968F02000C4851 /* BaseResult.swift in Sources */,
				9CD1648622965CF8007CAAA0 /* UIViewController+Debug.swift in Sources */,
				9CEA170C22968F02000C4851 /* APIUrls.swift in Sources */,
				9CEA1720229795F1000C4851 /* API.swift in Sources */,
				9CD1647D229657DC007CAAA0 /* Storyboards.swift in Sources */,
				9CEA1716229695D8000C4851 /* InforRestaurantRequest.swift in Sources */,
				9CEA170A22968F02000C4851 /* FoodResponse.swift in Sources */,
				9CEA171A22978ADA000C4851 /* ReviewResponse.swift in Sources */,
				9CEA170D22968F02000C4851 /* BaseRequest.swift in Sources */,
				9CD16445229655F7007CAAA0 /* AppDelegate.swift in Sources */,
				9CEA171022968F02000C4851 /* BaseError.swift in Sources */,
			);
			runOnlyForDeploymentPostprocessing = 0;
		};
		9CD16451229655FA007CAAA0 /* Sources */ = {
			isa = PBXSourcesBuildPhase;
			buildActionMask = 2147483647;
			files = (
				9CD1645A229655FA007CAAA0 /* Hu_FoodTests.swift in Sources */,
			);
			runOnlyForDeploymentPostprocessing = 0;
		};
		9CD1645C229655FA007CAAA0 /* Sources */ = {
			isa = PBXSourcesBuildPhase;
			buildActionMask = 2147483647;
			files = (
				9CD16465229655FA007CAAA0 /* Hu_FoodUITests.swift in Sources */,
			);
			runOnlyForDeploymentPostprocessing = 0;
		};
/* End PBXSourcesBuildPhase section */

/* Begin PBXTargetDependency section */
		9CD16457229655FA007CAAA0 /* PBXTargetDependency */ = {
			isa = PBXTargetDependency;
			target = 9CD16440229655F7007CAAA0 /* Hu-Food */;
			targetProxy = 9CD16456229655FA007CAAA0 /* PBXContainerItemProxy */;
		};
		9CD16462229655FA007CAAA0 /* PBXTargetDependency */ = {
			isa = PBXTargetDependency;
			target = 9CD16440229655F7007CAAA0 /* Hu-Food */;
			targetProxy = 9CD16461229655FA007CAAA0 /* PBXContainerItemProxy */;
		};
/* End PBXTargetDependency section */

/* Begin PBXVariantGroup section */
		9CD16448229655F7007CAAA0 /* Main.storyboard */ = {
			isa = PBXVariantGroup;
			children = (
				9CD16449229655F7007CAAA0 /* Base */,
			);
			name = Main.storyboard;
			sourceTree = "<group>";
		};
		9CD1644D229655FA007CAAA0 /* LaunchScreen.storyboard */ = {
			isa = PBXVariantGroup;
			children = (
				9CD1644E229655FA007CAAA0 /* Base */,
			);
			name = LaunchScreen.storyboard;
			sourceTree = "<group>";
		};
/* End PBXVariantGroup section */

/* Begin XCBuildConfiguration section */
		9CD16467229655FA007CAAA0 /* Debug */ = {
			isa = XCBuildConfiguration;
			buildSettings = {
				ALWAYS_SEARCH_USER_PATHS = NO;
				CLANG_ANALYZER_NONNULL = YES;
				CLANG_ANALYZER_NUMBER_OBJECT_CONVERSION = YES_AGGRESSIVE;
				CLANG_CXX_LANGUAGE_STANDARD = "gnu++14";
				CLANG_CXX_LIBRARY = "libc++";
				CLANG_ENABLE_MODULES = YES;
				CLANG_ENABLE_OBJC_ARC = YES;
				CLANG_ENABLE_OBJC_WEAK = YES;
				CLANG_WARN_BLOCK_CAPTURE_AUTORELEASING = YES;
				CLANG_WARN_BOOL_CONVERSION = YES;
				CLANG_WARN_COMMA = YES;
				CLANG_WARN_CONSTANT_CONVERSION = YES;
				CLANG_WARN_DEPRECATED_OBJC_IMPLEMENTATIONS = YES;
				CLANG_WARN_DIRECT_OBJC_ISA_USAGE = YES_ERROR;
				CLANG_WARN_DOCUMENTATION_COMMENTS = YES;
				CLANG_WARN_EMPTY_BODY = YES;
				CLANG_WARN_ENUM_CONVERSION = YES;
				CLANG_WARN_INFINITE_RECURSION = YES;
				CLANG_WARN_INT_CONVERSION = YES;
				CLANG_WARN_NON_LITERAL_NULL_CONVERSION = YES;
				CLANG_WARN_OBJC_IMPLICIT_RETAIN_SELF = YES;
				CLANG_WARN_OBJC_LITERAL_CONVERSION = YES;
				CLANG_WARN_OBJC_ROOT_CLASS = YES_ERROR;
				CLANG_WARN_RANGE_LOOP_ANALYSIS = YES;
				CLANG_WARN_STRICT_PROTOTYPES = YES;
				CLANG_WARN_SUSPICIOUS_MOVE = YES;
				CLANG_WARN_UNGUARDED_AVAILABILITY = YES_AGGRESSIVE;
				CLANG_WARN_UNREACHABLE_CODE = YES;
				CLANG_WARN__DUPLICATE_METHOD_MATCH = YES;
				CODE_SIGN_IDENTITY = "iPhone Developer";
				COPY_PHASE_STRIP = NO;
				DEBUG_INFORMATION_FORMAT = dwarf;
				ENABLE_STRICT_OBJC_MSGSEND = YES;
				ENABLE_TESTABILITY = YES;
				GCC_C_LANGUAGE_STANDARD = gnu11;
				GCC_DYNAMIC_NO_PIC = NO;
				GCC_NO_COMMON_BLOCKS = YES;
				GCC_OPTIMIZATION_LEVEL = 0;
				GCC_PREPROCESSOR_DEFINITIONS = (
					"DEBUG=1",
					"$(inherited)",
				);
				GCC_WARN_64_TO_32_BIT_CONVERSION = YES;
				GCC_WARN_ABOUT_RETURN_TYPE = YES_ERROR;
				GCC_WARN_UNDECLARED_SELECTOR = YES;
				GCC_WARN_UNINITIALIZED_AUTOS = YES_AGGRESSIVE;
				GCC_WARN_UNUSED_FUNCTION = YES;
				GCC_WARN_UNUSED_VARIABLE = YES;
				IPHONEOS_DEPLOYMENT_TARGET = 12.2;
				MTL_ENABLE_DEBUG_INFO = INCLUDE_SOURCE;
				MTL_FAST_MATH = YES;
				ONLY_ACTIVE_ARCH = YES;
				SDKROOT = iphoneos;
				SWIFT_ACTIVE_COMPILATION_CONDITIONS = DEBUG;
				SWIFT_OPTIMIZATION_LEVEL = "-Onone";
			};
			name = Debug;
		};
		9CD16468229655FA007CAAA0 /* Release */ = {
			isa = XCBuildConfiguration;
			buildSettings = {
				ALWAYS_SEARCH_USER_PATHS = NO;
				CLANG_ANALYZER_NONNULL = YES;
				CLANG_ANALYZER_NUMBER_OBJECT_CONVERSION = YES_AGGRESSIVE;
				CLANG_CXX_LANGUAGE_STANDARD = "gnu++14";
				CLANG_CXX_LIBRARY = "libc++";
				CLANG_ENABLE_MODULES = YES;
				CLANG_ENABLE_OBJC_ARC = YES;
				CLANG_ENABLE_OBJC_WEAK = YES;
				CLANG_WARN_BLOCK_CAPTURE_AUTORELEASING = YES;
				CLANG_WARN_BOOL_CONVERSION = YES;
				CLANG_WARN_COMMA = YES;
				CLANG_WARN_CONSTANT_CONVERSION = YES;
				CLANG_WARN_DEPRECATED_OBJC_IMPLEMENTATIONS = YES;
				CLANG_WARN_DIRECT_OBJC_ISA_USAGE = YES_ERROR;
				CLANG_WARN_DOCUMENTATION_COMMENTS = YES;
				CLANG_WARN_EMPTY_BODY = YES;
				CLANG_WARN_ENUM_CONVERSION = YES;
				CLANG_WARN_INFINITE_RECURSION = YES;
				CLANG_WARN_INT_CONVERSION = YES;
				CLANG_WARN_NON_LITERAL_NULL_CONVERSION = YES;
				CLANG_WARN_OBJC_IMPLICIT_RETAIN_SELF = YES;
				CLANG_WARN_OBJC_LITERAL_CONVERSION = YES;
				CLANG_WARN_OBJC_ROOT_CLASS = YES_ERROR;
				CLANG_WARN_RANGE_LOOP_ANALYSIS = YES;
				CLANG_WARN_STRICT_PROTOTYPES = YES;
				CLANG_WARN_SUSPICIOUS_MOVE = YES;
				CLANG_WARN_UNGUARDED_AVAILABILITY = YES_AGGRESSIVE;
				CLANG_WARN_UNREACHABLE_CODE = YES;
				CLANG_WARN__DUPLICATE_METHOD_MATCH = YES;
				CODE_SIGN_IDENTITY = "iPhone Developer";
				COPY_PHASE_STRIP = NO;
				DEBUG_INFORMATION_FORMAT = "dwarf-with-dsym";
				ENABLE_NS_ASSERTIONS = NO;
				ENABLE_STRICT_OBJC_MSGSEND = YES;
				GCC_C_LANGUAGE_STANDARD = gnu11;
				GCC_NO_COMMON_BLOCKS = YES;
				GCC_WARN_64_TO_32_BIT_CONVERSION = YES;
				GCC_WARN_ABOUT_RETURN_TYPE = YES_ERROR;
				GCC_WARN_UNDECLARED_SELECTOR = YES;
				GCC_WARN_UNINITIALIZED_AUTOS = YES_AGGRESSIVE;
				GCC_WARN_UNUSED_FUNCTION = YES;
				GCC_WARN_UNUSED_VARIABLE = YES;
				IPHONEOS_DEPLOYMENT_TARGET = 12.2;
				MTL_ENABLE_DEBUG_INFO = NO;
				MTL_FAST_MATH = YES;
				SDKROOT = iphoneos;
				SWIFT_COMPILATION_MODE = wholemodule;
				SWIFT_OPTIMIZATION_LEVEL = "-O";
				VALIDATE_PRODUCT = YES;
			};
			name = Release;
		};
		9CD1646A229655FA007CAAA0 /* Debug */ = {
			isa = XCBuildConfiguration;
			baseConfigurationReference = 0BF2638F9DA2B98AEE6A6907 /* Pods-Hu-Food.debug.xcconfig */;
			buildSettings = {
				ASSETCATALOG_COMPILER_APPICON_NAME = AppIcon;
				CODE_SIGN_STYLE = Automatic;
				DEVELOPMENT_TEAM = NBCM523X2W;
				INFOPLIST_FILE = "Hu-Food/Info.plist";
				LD_RUNPATH_SEARCH_PATHS = (
					"$(inherited)",
					"@executable_path/Frameworks",
				);
				PRODUCT_BUNDLE_IDENTIFIER = "sun-asterisk.Hu-Food";
				PRODUCT_NAME = "$(TARGET_NAME)";
				SWIFT_OBJC_BRIDGING_HEADER = "Hu-Food/Bridging-Header.h";
				SWIFT_VERSION = 5.0;
				TARGETED_DEVICE_FAMILY = "1,2";
			};
			name = Debug;
		};
		9CD1646B229655FA007CAAA0 /* Release */ = {
			isa = XCBuildConfiguration;
			baseConfigurationReference = 571D71AEADCB5068677D14B1 /* Pods-Hu-Food.release.xcconfig */;
			buildSettings = {
				ASSETCATALOG_COMPILER_APPICON_NAME = AppIcon;
				CODE_SIGN_STYLE = Automatic;
				DEVELOPMENT_TEAM = NBCM523X2W;
				INFOPLIST_FILE = "Hu-Food/Info.plist";
				LD_RUNPATH_SEARCH_PATHS = (
					"$(inherited)",
					"@executable_path/Frameworks",
				);
				PRODUCT_BUNDLE_IDENTIFIER = "sun-asterisk.Hu-Food";
				PRODUCT_NAME = "$(TARGET_NAME)";
				SWIFT_OBJC_BRIDGING_HEADER = "Hu-Food/Bridging-Header.h";
				SWIFT_VERSION = 5.0;
				TARGETED_DEVICE_FAMILY = "1,2";
			};
			name = Release;
		};
		9CD1646D229655FA007CAAA0 /* Debug */ = {
			isa = XCBuildConfiguration;
			baseConfigurationReference = F53A695A1FE7C5AEA9306E2A /* Pods-Hu-FoodTests.debug.xcconfig */;
			buildSettings = {
				ALWAYS_EMBED_SWIFT_STANDARD_LIBRARIES = YES;
				BUNDLE_LOADER = "$(TEST_HOST)";
				CODE_SIGN_STYLE = Automatic;
				DEVELOPMENT_TEAM = NBCM523X2W;
				INFOPLIST_FILE = "Hu-FoodTests/Info.plist";
				LD_RUNPATH_SEARCH_PATHS = (
					"$(inherited)",
					"@executable_path/Frameworks",
					"@loader_path/Frameworks",
				);
				PRODUCT_BUNDLE_IDENTIFIER = "sun-asterisk.Hu-FoodTests";
				PRODUCT_NAME = "$(TARGET_NAME)";
				SWIFT_VERSION = 5.0;
				TARGETED_DEVICE_FAMILY = "1,2";
				TEST_HOST = "$(BUILT_PRODUCTS_DIR)/Hu-Food.app/Hu-Food";
			};
			name = Debug;
		};
		9CD1646E229655FA007CAAA0 /* Release */ = {
			isa = XCBuildConfiguration;
			baseConfigurationReference = 16A343856D6FE625FE441F28 /* Pods-Hu-FoodTests.release.xcconfig */;
			buildSettings = {
				ALWAYS_EMBED_SWIFT_STANDARD_LIBRARIES = YES;
				BUNDLE_LOADER = "$(TEST_HOST)";
				CODE_SIGN_STYLE = Automatic;
				DEVELOPMENT_TEAM = NBCM523X2W;
				INFOPLIST_FILE = "Hu-FoodTests/Info.plist";
				LD_RUNPATH_SEARCH_PATHS = (
					"$(inherited)",
					"@executable_path/Frameworks",
					"@loader_path/Frameworks",
				);
				PRODUCT_BUNDLE_IDENTIFIER = "sun-asterisk.Hu-FoodTests";
				PRODUCT_NAME = "$(TARGET_NAME)";
				SWIFT_VERSION = 5.0;
				TARGETED_DEVICE_FAMILY = "1,2";
				TEST_HOST = "$(BUILT_PRODUCTS_DIR)/Hu-Food.app/Hu-Food";
			};
			name = Release;
		};
		9CD16470229655FA007CAAA0 /* Debug */ = {
			isa = XCBuildConfiguration;
			baseConfigurationReference = B200D943C0BD97999558A256 /* Pods-Hu-FoodUITests.debug.xcconfig */;
			buildSettings = {
				ALWAYS_EMBED_SWIFT_STANDARD_LIBRARIES = YES;
				CODE_SIGN_STYLE = Automatic;
				DEVELOPMENT_TEAM = NBCM523X2W;
				INFOPLIST_FILE = "Hu-FoodUITests/Info.plist";
				LD_RUNPATH_SEARCH_PATHS = (
					"$(inherited)",
					"@executable_path/Frameworks",
					"@loader_path/Frameworks",
				);
				PRODUCT_BUNDLE_IDENTIFIER = "sun-asterisk.Hu-FoodUITests";
				PRODUCT_NAME = "$(TARGET_NAME)";
				SWIFT_VERSION = 5.0;
				TARGETED_DEVICE_FAMILY = "1,2";
				TEST_TARGET_NAME = "Hu-Food";
			};
			name = Debug;
		};
		9CD16471229655FA007CAAA0 /* Release */ = {
			isa = XCBuildConfiguration;
			baseConfigurationReference = 227179980246DA5798A0018E /* Pods-Hu-FoodUITests.release.xcconfig */;
			buildSettings = {
				ALWAYS_EMBED_SWIFT_STANDARD_LIBRARIES = YES;
				CODE_SIGN_STYLE = Automatic;
				DEVELOPMENT_TEAM = NBCM523X2W;
				INFOPLIST_FILE = "Hu-FoodUITests/Info.plist";
				LD_RUNPATH_SEARCH_PATHS = (
					"$(inherited)",
					"@executable_path/Frameworks",
					"@loader_path/Frameworks",
				);
				PRODUCT_BUNDLE_IDENTIFIER = "sun-asterisk.Hu-FoodUITests";
				PRODUCT_NAME = "$(TARGET_NAME)";
				SWIFT_VERSION = 5.0;
				TARGETED_DEVICE_FAMILY = "1,2";
				TEST_TARGET_NAME = "Hu-Food";
			};
			name = Release;
		};
/* End XCBuildConfiguration section */

/* Begin XCConfigurationList section */
		9CD1643C229655F7007CAAA0 /* Build configuration list for PBXProject "Hu-Food" */ = {
			isa = XCConfigurationList;
			buildConfigurations = (
				9CD16467229655FA007CAAA0 /* Debug */,
				9CD16468229655FA007CAAA0 /* Release */,
			);
			defaultConfigurationIsVisible = 0;
			defaultConfigurationName = Release;
		};
		9CD16469229655FA007CAAA0 /* Build configuration list for PBXNativeTarget "Hu-Food" */ = {
			isa = XCConfigurationList;
			buildConfigurations = (
				9CD1646A229655FA007CAAA0 /* Debug */,
				9CD1646B229655FA007CAAA0 /* Release */,
			);
			defaultConfigurationIsVisible = 0;
			defaultConfigurationName = Release;
		};
		9CD1646C229655FA007CAAA0 /* Build configuration list for PBXNativeTarget "Hu-FoodTests" */ = {
			isa = XCConfigurationList;
			buildConfigurations = (
				9CD1646D229655FA007CAAA0 /* Debug */,
				9CD1646E229655FA007CAAA0 /* Release */,
			);
			defaultConfigurationIsVisible = 0;
			defaultConfigurationName = Release;
		};
		9CD1646F229655FA007CAAA0 /* Build configuration list for PBXNativeTarget "Hu-FoodUITests" */ = {
			isa = XCConfigurationList;
			buildConfigurations = (
				9CD16470229655FA007CAAA0 /* Debug */,
				9CD16471229655FA007CAAA0 /* Release */,
			);
			defaultConfigurationIsVisible = 0;
			defaultConfigurationName = Release;
		};
/* End XCConfigurationList section */
	};
	rootObject = 9CD16439229655F7007CAAA0 /* Project object */;
}
