// !$*UTF8*$!
{
	archiveVersion = 1;
	classes = {
	};
	objectVersion = 51;
	objects = {

/* Begin PBXBuildFile section */
		9C178521229E745900744507 /* AppDelegate.swift in Sources */ = {isa = PBXBuildFile; fileRef = 9C1784E5229E745900744507 /* AppDelegate.swift */; };
		9C178527229E745900744507 /* UIView+.swift in Sources */ = {isa = PBXBuildFile; fileRef = 9C1784EE229E745900744507 /* UIView+.swift */; };
		9C178528229E745900744507 /* UIViewController+.swift in Sources */ = {isa = PBXBuildFile; fileRef = 9C1784EF229E745900744507 /* UIViewController+.swift */; };
		9C178529229E745900744507 /* UIViewController+Debug.swift in Sources */ = {isa = PBXBuildFile; fileRef = 9C1784F0229E745900744507 /* UIViewController+Debug.swift */; };
		9C17852B229E745900744507 /* Storyboards.swift in Sources */ = {isa = PBXBuildFile; fileRef = 9C1784F5229E745900744507 /* Storyboards.swift */; };
		9C17852D229E745900744507 /* UserViewController.swift in Sources */ = {isa = PBXBuildFile; fileRef = 9C1784F8229E745900744507 /* UserViewController.swift */; };
		9C17852E229E745900744507 /* LoginViewController.swift in Sources */ = {isa = PBXBuildFile; fileRef = 9C1784FA229E745900744507 /* LoginViewController.swift */; };
		9C17852F229E745900744507 /* RegisterViewController.swift in Sources */ = {isa = PBXBuildFile; fileRef = 9C1784FB229E745900744507 /* RegisterViewController.swift */; };
		9C178531229E745900744507 /* RestaurantCell.swift in Sources */ = {isa = PBXBuildFile; fileRef = 9C1784FF229E745900744507 /* RestaurantCell.swift */; };
		9C178532229E745900744507 /* MainViewController.swift in Sources */ = {isa = PBXBuildFile; fileRef = 9C178500229E745900744507 /* MainViewController.swift */; };
		9C178533229E745900744507 /* RepoFood.swift in Sources */ = {isa = PBXBuildFile; fileRef = 9C178502229E745900744507 /* RepoFood.swift */; };
		9C178534229E745900744507 /* UserReponsitory.swift in Sources */ = {isa = PBXBuildFile; fileRef = 9C178503229E745900744507 /* UserReponsitory.swift */; };
		9C178535229E745900744507 /* CustomRequestAdapter.swift in Sources */ = {isa = PBXBuildFile; fileRef = 9C178509229E745900744507 /* CustomRequestAdapter.swift */; };
		9C178536229E745900744507 /* BaseResult.swift in Sources */ = {isa = PBXBuildFile; fileRef = 9C17850A229E745900744507 /* BaseResult.swift */; };
		9C178537229E745900744507 /* UserDataResult.swift in Sources */ = {isa = PBXBuildFile; fileRef = 9C17850B229E745900744507 /* UserDataResult.swift */; };
		9C178538229E745900744507 /* API.swift in Sources */ = {isa = PBXBuildFile; fileRef = 9C17850C229E745900744507 /* API.swift */; };
		9C178539229E745900744507 /* FoodResponse.swift in Sources */ = {isa = PBXBuildFile; fileRef = 9C17850E229E745900744507 /* FoodResponse.swift */; };
		9C17853A229E745900744507 /* ReviewResponse.swift in Sources */ = {isa = PBXBuildFile; fileRef = 9C17850F229E745900744507 /* ReviewResponse.swift */; };
		9C17853B229E745900744507 /* APIService.swift in Sources */ = {isa = PBXBuildFile; fileRef = 9C178510229E745900744507 /* APIService.swift */; };
		9C17853C229E745900744507 /* APIUrls.swift in Sources */ = {isa = PBXBuildFile; fileRef = 9C178511229E745900744507 /* APIUrls.swift */; };
		9C17853D229E745900744507 /* ReviewsRequest.swift in Sources */ = {isa = PBXBuildFile; fileRef = 9C178513229E745900744507 /* ReviewsRequest.swift */; };
		9C17853E229E745900744507 /* BaseRequest.swift in Sources */ = {isa = PBXBuildFile; fileRef = 9C178514229E745900744507 /* BaseRequest.swift */; };
		9C17853F229E745900744507 /* FoodRequest.swift in Sources */ = {isa = PBXBuildFile; fileRef = 9C178515229E745900744507 /* FoodRequest.swift */; };
		9C178540229E745900744507 /* InforRestaurantRequest.swift in Sources */ = {isa = PBXBuildFile; fileRef = 9C178516229E745900744507 /* InforRestaurantRequest.swift */; };
		9C178541229E745900744507 /* ErrorResponse.swift in Sources */ = {isa = PBXBuildFile; fileRef = 9C178518229E745900744507 /* ErrorResponse.swift */; };
		9C178542229E745900744507 /* BaseError.swift in Sources */ = {isa = PBXBuildFile; fileRef = 9C178519229E745900744507 /* BaseError.swift */; };
		9C178543229E745900744507 /* Reviews.swift in Sources */ = {isa = PBXBuildFile; fileRef = 9C17851B229E745900744507 /* Reviews.swift */; };
		9C178544229E745900744507 /* RestSearchDetail.swift in Sources */ = {isa = PBXBuildFile; fileRef = 9C17851C229E745900744507 /* RestSearchDetail.swift */; };
		9C178545229E745900744507 /* RestDetail.swift in Sources */ = {isa = PBXBuildFile; fileRef = 9C17851D229E745900744507 /* RestDetail.swift */; };
		9C178546229E745900744507 /* CategoryFood.swift in Sources */ = {isa = PBXBuildFile; fileRef = 9C17851E229E745900744507 /* CategoryFood.swift */; };
		9C8E6E6E229E842B009FCE9A /* Main.storyboard in Resources */ = {isa = PBXBuildFile; fileRef = 9C1784F3229E745900744507 /* Main.storyboard */; };
		9C8E6E6F229E842B009FCE9A /* LoginAndRegister.storyboard in Resources */ = {isa = PBXBuildFile; fileRef = 9C1784F6229E745900744507 /* LoginAndRegister.storyboard */; };
		9C8E6E70229E8457009FCE9A /* GoogleService-Info.plist in Resources */ = {isa = PBXBuildFile; fileRef = 9C1784E9229E745900744507 /* GoogleService-Info.plist */; };
		9C8E6E71229E8457009FCE9A /* LaunchScreen.storyboard in Resources */ = {isa = PBXBuildFile; fileRef = 9C1784EA229E745900744507 /* LaunchScreen.storyboard */; };
		9CE9AA2C229F84BA001184C8 /* UIColorExtension.swift in Sources */ = {isa = PBXBuildFile; fileRef = 9CE9AA2B229F84BA001184C8 /* UIColorExtension.swift */; };
		9CE9AA30229FE3B3001184C8 /* imagePlaceHolder.png in Resources */ = {isa = PBXBuildFile; fileRef = 9CE9AA2F229FE3B3001184C8 /* imagePlaceHolder.png */; };
		9CE9AA32229FEC84001184C8 /* Assets.xcassets in Resources */ = {isa = PBXBuildFile; fileRef = 9C1784E8229E745900744507 /* Assets.xcassets */; };
		BCBC8A61EE1B3E4940429215 /* Pods_Hu_Food.framework in Frameworks */ = {isa = PBXBuildFile; fileRef = C293294903A0A54BA7F618E4 /* Pods_Hu_Food.framework */; };
		CFF980E622A02237004873D4 /* RestaurantCell.xib in Resources */ = {isa = PBXBuildFile; fileRef = 9C1784FE229E745900744507 /* RestaurantCell.xib */; };
/* End PBXBuildFile section */

/* Begin PBXFileReference section */
		0BF2638F9DA2B98AEE6A6907 /* Pods-Hu-Food.debug.xcconfig */ = {isa = PBXFileReference; includeInIndex = 1; lastKnownFileType = text.xcconfig; name = "Pods-Hu-Food.debug.xcconfig"; path = "Target Support Files/Pods-Hu-Food/Pods-Hu-Food.debug.xcconfig"; sourceTree = "<group>"; };
		16A343856D6FE625FE441F28 /* Pods-Hu-FoodTests.release.xcconfig */ = {isa = PBXFileReference; includeInIndex = 1; lastKnownFileType = text.xcconfig; name = "Pods-Hu-FoodTests.release.xcconfig"; path = "Target Support Files/Pods-Hu-FoodTests/Pods-Hu-FoodTests.release.xcconfig"; sourceTree = "<group>"; };
		227179980246DA5798A0018E /* Pods-Hu-FoodUITests.release.xcconfig */ = {isa = PBXFileReference; includeInIndex = 1; lastKnownFileType = text.xcconfig; name = "Pods-Hu-FoodUITests.release.xcconfig"; path = "Target Support Files/Pods-Hu-FoodUITests/Pods-Hu-FoodUITests.release.xcconfig"; sourceTree = "<group>"; };
		571D71AEADCB5068677D14B1 /* Pods-Hu-Food.release.xcconfig */ = {isa = PBXFileReference; includeInIndex = 1; lastKnownFileType = text.xcconfig; name = "Pods-Hu-Food.release.xcconfig"; path = "Target Support Files/Pods-Hu-Food/Pods-Hu-Food.release.xcconfig"; sourceTree = "<group>"; };
		9C1784E5229E745900744507 /* AppDelegate.swift */ = {isa = PBXFileReference; fileEncoding = 4; lastKnownFileType = sourcecode.swift; path = AppDelegate.swift; sourceTree = "<group>"; };
		9C1784E8229E745900744507 /* Assets.xcassets */ = {isa = PBXFileReference; lastKnownFileType = folder.assetcatalog; path = Assets.xcassets; sourceTree = "<group>"; };
		9C1784E9229E745900744507 /* GoogleService-Info.plist */ = {isa = PBXFileReference; fileEncoding = 4; lastKnownFileType = text.plist.xml; path = "GoogleService-Info.plist"; sourceTree = "<group>"; };
		9C1784EB229E745900744507 /* Base */ = {isa = PBXFileReference; lastKnownFileType = file.storyboard; name = Base; path = Base.lproj/LaunchScreen.storyboard; sourceTree = "<group>"; };
		9C1784EE229E745900744507 /* UIView+.swift */ = {isa = PBXFileReference; fileEncoding = 4; lastKnownFileType = sourcecode.swift; path = "UIView+.swift"; sourceTree = "<group>"; };
		9C1784EF229E745900744507 /* UIViewController+.swift */ = {isa = PBXFileReference; fileEncoding = 4; lastKnownFileType = sourcecode.swift; path = "UIViewController+.swift"; sourceTree = "<group>"; };
		9C1784F0229E745900744507 /* UIViewController+Debug.swift */ = {isa = PBXFileReference; fileEncoding = 4; lastKnownFileType = sourcecode.swift; path = "UIViewController+Debug.swift"; sourceTree = "<group>"; };
		9C1784F4229E745900744507 /* Base */ = {isa = PBXFileReference; lastKnownFileType = file.storyboard; name = Base; path = Base.lproj/Main.storyboard; sourceTree = "<group>"; };
		9C1784F5229E745900744507 /* Storyboards.swift */ = {isa = PBXFileReference; fileEncoding = 4; lastKnownFileType = sourcecode.swift; path = Storyboards.swift; sourceTree = "<group>"; };
		9C1784F6229E745900744507 /* LoginAndRegister.storyboard */ = {isa = PBXFileReference; fileEncoding = 4; lastKnownFileType = file.storyboard; path = LoginAndRegister.storyboard; sourceTree = "<group>"; };
		9C1784F8229E745900744507 /* UserViewController.swift */ = {isa = PBXFileReference; fileEncoding = 4; lastKnownFileType = sourcecode.swift; path = UserViewController.swift; sourceTree = "<group>"; };
		9C1784FA229E745900744507 /* LoginViewController.swift */ = {isa = PBXFileReference; fileEncoding = 4; lastKnownFileType = sourcecode.swift; path = LoginViewController.swift; sourceTree = "<group>"; };
		9C1784FB229E745900744507 /* RegisterViewController.swift */ = {isa = PBXFileReference; fileEncoding = 4; lastKnownFileType = sourcecode.swift; path = RegisterViewController.swift; sourceTree = "<group>"; };
		9C1784FE229E745900744507 /* RestaurantCell.xib */ = {isa = PBXFileReference; fileEncoding = 4; lastKnownFileType = file.xib; path = RestaurantCell.xib; sourceTree = "<group>"; };
		9C1784FF229E745900744507 /* RestaurantCell.swift */ = {isa = PBXFileReference; fileEncoding = 4; lastKnownFileType = sourcecode.swift; path = RestaurantCell.swift; sourceTree = "<group>"; };
		9C178500229E745900744507 /* MainViewController.swift */ = {isa = PBXFileReference; fileEncoding = 4; lastKnownFileType = sourcecode.swift; path = MainViewController.swift; sourceTree = "<group>"; };
		9C178502229E745900744507 /* RepoFood.swift */ = {isa = PBXFileReference; fileEncoding = 4; lastKnownFileType = sourcecode.swift; path = RepoFood.swift; sourceTree = "<group>"; };
		9C178503229E745900744507 /* UserReponsitory.swift */ = {isa = PBXFileReference; fileEncoding = 4; lastKnownFileType = sourcecode.swift; path = UserReponsitory.swift; sourceTree = "<group>"; };
		9C178509229E745900744507 /* CustomRequestAdapter.swift */ = {isa = PBXFileReference; fileEncoding = 4; lastKnownFileType = sourcecode.swift; path = CustomRequestAdapter.swift; sourceTree = "<group>"; };
		9C17850A229E745900744507 /* BaseResult.swift */ = {isa = PBXFileReference; fileEncoding = 4; lastKnownFileType = sourcecode.swift; path = BaseResult.swift; sourceTree = "<group>"; };
		9C17850B229E745900744507 /* UserDataResult.swift */ = {isa = PBXFileReference; fileEncoding = 4; lastKnownFileType = sourcecode.swift; path = UserDataResult.swift; sourceTree = "<group>"; };
		9C17850C229E745900744507 /* API.swift */ = {isa = PBXFileReference; fileEncoding = 4; lastKnownFileType = sourcecode.swift; path = API.swift; sourceTree = "<group>"; };
		9C17850E229E745900744507 /* FoodResponse.swift */ = {isa = PBXFileReference; fileEncoding = 4; lastKnownFileType = sourcecode.swift; path = FoodResponse.swift; sourceTree = "<group>"; };
		9C17850F229E745900744507 /* ReviewResponse.swift */ = {isa = PBXFileReference; fileEncoding = 4; lastKnownFileType = sourcecode.swift; path = ReviewResponse.swift; sourceTree = "<group>"; };
		9C178510229E745900744507 /* APIService.swift */ = {isa = PBXFileReference; fileEncoding = 4; lastKnownFileType = sourcecode.swift; path = APIService.swift; sourceTree = "<group>"; };
		9C178511229E745900744507 /* APIUrls.swift */ = {isa = PBXFileReference; fileEncoding = 4; lastKnownFileType = sourcecode.swift; path = APIUrls.swift; sourceTree = "<group>"; };
		9C178513229E745900744507 /* ReviewsRequest.swift */ = {isa = PBXFileReference; fileEncoding = 4; lastKnownFileType = sourcecode.swift; path = ReviewsRequest.swift; sourceTree = "<group>"; };
		9C178514229E745900744507 /* BaseRequest.swift */ = {isa = PBXFileReference; fileEncoding = 4; lastKnownFileType = sourcecode.swift; path = BaseRequest.swift; sourceTree = "<group>"; };
		9C178515229E745900744507 /* FoodRequest.swift */ = {isa = PBXFileReference; fileEncoding = 4; lastKnownFileType = sourcecode.swift; path = FoodRequest.swift; sourceTree = "<group>"; };
		9C178516229E745900744507 /* InforRestaurantRequest.swift */ = {isa = PBXFileReference; fileEncoding = 4; lastKnownFileType = sourcecode.swift; path = InforRestaurantRequest.swift; sourceTree = "<group>"; };
		9C178518229E745900744507 /* ErrorResponse.swift */ = {isa = PBXFileReference; fileEncoding = 4; lastKnownFileType = sourcecode.swift; path = ErrorResponse.swift; sourceTree = "<group>"; };
		9C178519229E745900744507 /* BaseError.swift */ = {isa = PBXFileReference; fileEncoding = 4; lastKnownFileType = sourcecode.swift; path = BaseError.swift; sourceTree = "<group>"; };
		9C17851B229E745900744507 /* Reviews.swift */ = {isa = PBXFileReference; fileEncoding = 4; lastKnownFileType = sourcecode.swift; path = Reviews.swift; sourceTree = "<group>"; };
		9C17851C229E745900744507 /* RestSearchDetail.swift */ = {isa = PBXFileReference; fileEncoding = 4; lastKnownFileType = sourcecode.swift; path = RestSearchDetail.swift; sourceTree = "<group>"; };
		9C17851D229E745900744507 /* RestDetail.swift */ = {isa = PBXFileReference; fileEncoding = 4; lastKnownFileType = sourcecode.swift; path = RestDetail.swift; sourceTree = "<group>"; };
		9C17851E229E745900744507 /* CategoryFood.swift */ = {isa = PBXFileReference; fileEncoding = 4; lastKnownFileType = sourcecode.swift; path = CategoryFood.swift; sourceTree = "<group>"; };
		9C17851F229E745900744507 /* Bridging-Header.h */ = {isa = PBXFileReference; fileEncoding = 4; lastKnownFileType = sourcecode.c.h; path = "Bridging-Header.h"; sourceTree = "<group>"; };
		9C178520229E745900744507 /* Info.plist */ = {isa = PBXFileReference; fileEncoding = 4; lastKnownFileType = text.plist.xml; path = Info.plist; sourceTree = "<group>"; };
		9CD16441229655F7007CAAA0 /* Hu-Food.app */ = {isa = PBXFileReference; explicitFileType = wrapper.application; includeInIndex = 0; path = "Hu-Food.app"; sourceTree = BUILT_PRODUCTS_DIR; };
		9CE9AA2B229F84BA001184C8 /* UIColorExtension.swift */ = {isa = PBXFileReference; lastKnownFileType = sourcecode.swift; path = UIColorExtension.swift; sourceTree = "<group>"; };
		9CE9AA2F229FE3B3001184C8 /* imagePlaceHolder.png */ = {isa = PBXFileReference; lastKnownFileType = image.png; path = imagePlaceHolder.png; sourceTree = "<group>"; };
		B200D943C0BD97999558A256 /* Pods-Hu-FoodUITests.debug.xcconfig */ = {isa = PBXFileReference; includeInIndex = 1; lastKnownFileType = text.xcconfig; name = "Pods-Hu-FoodUITests.debug.xcconfig"; path = "Target Support Files/Pods-Hu-FoodUITests/Pods-Hu-FoodUITests.debug.xcconfig"; sourceTree = "<group>"; };
		C293294903A0A54BA7F618E4 /* Pods_Hu_Food.framework */ = {isa = PBXFileReference; explicitFileType = wrapper.framework; includeInIndex = 0; path = Pods_Hu_Food.framework; sourceTree = BUILT_PRODUCTS_DIR; };
		F53A695A1FE7C5AEA9306E2A /* Pods-Hu-FoodTests.debug.xcconfig */ = {isa = PBXFileReference; includeInIndex = 1; lastKnownFileType = text.xcconfig; name = "Pods-Hu-FoodTests.debug.xcconfig"; path = "Target Support Files/Pods-Hu-FoodTests/Pods-Hu-FoodTests.debug.xcconfig"; sourceTree = "<group>"; };
/* End PBXFileReference section */

/* Begin PBXFrameworksBuildPhase section */
		9CD1643E229655F7007CAAA0 /* Frameworks */ = {
			isa = PBXFrameworksBuildPhase;
			buildActionMask = 2147483647;
			files = (
				BCBC8A61EE1B3E4940429215 /* Pods_Hu_Food.framework in Frameworks */,
			);
			runOnlyForDeploymentPostprocessing = 0;
		};
/* End PBXFrameworksBuildPhase section */

/* Begin PBXGroup section */
		9C1784E3229E745900744507 /* Hu-Food */ = {
			isa = PBXGroup;
			children = (
				9C1784E4229E745900744507 /* App */,
				9C1784EC229E745900744507 /* Extensions */,
				9C178501229E745900744507 /* Reponsitory */,
				9C178504229E745900744507 /* Data */,
				9C1784F1229E745900744507 /* Scenes */,
				9C1784E8229E745900744507 /* Assets.xcassets */,
				9CE9AA2F229FE3B3001184C8 /* imagePlaceHolder.png */,
				9C1784E9229E745900744507 /* GoogleService-Info.plist */,
				9C1784EA229E745900744507 /* LaunchScreen.storyboard */,
				9C17851F229E745900744507 /* Bridging-Header.h */,
				9C178520229E745900744507 /* Info.plist */,
			);
			path = "Hu-Food";
			sourceTree = "<group>";
		};
		9C1784E4229E745900744507 /* App */ = {
			isa = PBXGroup;
			children = (
				9C1784E5229E745900744507 /* AppDelegate.swift */,
			);
			path = App;
			sourceTree = "<group>";
		};
		9C1784EC229E745900744507 /* Extensions */ = {
			isa = PBXGroup;
			children = (
				9C1784EE229E745900744507 /* UIView+.swift */,
				9C1784EF229E745900744507 /* UIViewController+.swift */,
				9C1784F0229E745900744507 /* UIViewController+Debug.swift */,
				9CE9AA2B229F84BA001184C8 /* UIColorExtension.swift */,
			);
			path = Extensions;
			sourceTree = "<group>";
		};
		9C1784F1229E745900744507 /* Scenes */ = {
			isa = PBXGroup;
			children = (
				9C1784F2229E745900744507 /* Storyboard */,
				9C1784F7229E745900744507 /* User */,
				9C1784F9229E745900744507 /* Login&Register */,
				9C1784FC229E745900744507 /* Main */,
			);
			path = Scenes;
			sourceTree = "<group>";
		};
		9C1784F2229E745900744507 /* Storyboard */ = {
			isa = PBXGroup;
			children = (
				9C1784F3229E745900744507 /* Main.storyboard */,
				9C1784F5229E745900744507 /* Storyboards.swift */,
				9C1784F6229E745900744507 /* LoginAndRegister.storyboard */,
			);
			path = Storyboard;
			sourceTree = "<group>";
		};
		9C1784F7229E745900744507 /* User */ = {
			isa = PBXGroup;
			children = (
				9C1784F8229E745900744507 /* UserViewController.swift */,
			);
			path = User;
			sourceTree = "<group>";
		};
		9C1784F9229E745900744507 /* Login&Register */ = {
			isa = PBXGroup;
			children = (
				9C1784FA229E745900744507 /* LoginViewController.swift */,
				9C1784FB229E745900744507 /* RegisterViewController.swift */,
			);
			path = "Login&Register";
			sourceTree = "<group>";
		};
		9C1784FC229E745900744507 /* Main */ = {
			isa = PBXGroup;
			children = (
				9C1784FD229E745900744507 /* RestCollectionViewCell */,
				9C178500229E745900744507 /* MainViewController.swift */,
			);
			path = Main;
			sourceTree = "<group>";
		};
		9C1784FD229E745900744507 /* RestCollectionViewCell */ = {
			isa = PBXGroup;
			children = (
				9C1784FE229E745900744507 /* RestaurantCell.xib */,
				9C1784FF229E745900744507 /* RestaurantCell.swift */,
			);
			path = RestCollectionViewCell;
			sourceTree = "<group>";
		};
		9C178501229E745900744507 /* Reponsitory */ = {
			isa = PBXGroup;
			children = (
				9C178502229E745900744507 /* RepoFood.swift */,
				9C178503229E745900744507 /* UserReponsitory.swift */,
			);
			path = Reponsitory;
			sourceTree = "<group>";
		};
		9C178504229E745900744507 /* Data */ = {
			isa = PBXGroup;
			children = (
				9C178505229E745900744507 /* Source */,
				9C17851A229E745900744507 /* Model */,
			);
			path = Data;
			sourceTree = "<group>";
		};
		9C178505229E745900744507 /* Source */ = {
			isa = PBXGroup;
			children = (
				9C178506229E745900744507 /* Remote */,
			);
			path = Source;
			sourceTree = "<group>";
		};
		9C178506229E745900744507 /* Remote */ = {
			isa = PBXGroup;
			children = (
				9C178507229E745900744507 /* API */,
			);
			path = Remote;
			sourceTree = "<group>";
		};
		9C178507229E745900744507 /* API */ = {
			isa = PBXGroup;
			children = (
				9C178508229E745900744507 /* Middleware */,
				9C17850D229E745900744507 /* Response */,
				9C178510229E745900744507 /* APIService.swift */,
				9C178511229E745900744507 /* APIUrls.swift */,
				9C178512229E745900744507 /* Request */,
				9C178517229E745900744507 /* Error */,
			);
			path = API;
			sourceTree = "<group>";
		};
		9C178508229E745900744507 /* Middleware */ = {
			isa = PBXGroup;
			children = (
				9C178509229E745900744507 /* CustomRequestAdapter.swift */,
				9C17850A229E745900744507 /* BaseResult.swift */,
				9C17850B229E745900744507 /* UserDataResult.swift */,
				9C17850C229E745900744507 /* API.swift */,
			);
			path = Middleware;
			sourceTree = "<group>";
		};
		9C17850D229E745900744507 /* Response */ = {
			isa = PBXGroup;
			children = (
				9C17850E229E745900744507 /* FoodResponse.swift */,
				9C17850F229E745900744507 /* ReviewResponse.swift */,
			);
			path = Response;
			sourceTree = "<group>";
		};
		9C178512229E745900744507 /* Request */ = {
			isa = PBXGroup;
			children = (
				9C178513229E745900744507 /* ReviewsRequest.swift */,
				9C178514229E745900744507 /* BaseRequest.swift */,
				9C178515229E745900744507 /* FoodRequest.swift */,
				9C178516229E745900744507 /* InforRestaurantRequest.swift */,
			);
			path = Request;
			sourceTree = "<group>";
		};
		9C178517229E745900744507 /* Error */ = {
			isa = PBXGroup;
			children = (
				9C178518229E745900744507 /* ErrorResponse.swift */,
				9C178519229E745900744507 /* BaseError.swift */,
			);
			path = Error;
			sourceTree = "<group>";
		};
		9C17851A229E745900744507 /* Model */ = {
			isa = PBXGroup;
			children = (
				9C17851B229E745900744507 /* Reviews.swift */,
				9C17851C229E745900744507 /* RestSearchDetail.swift */,
				9C17851D229E745900744507 /* RestDetail.swift */,
				9C17851E229E745900744507 /* CategoryFood.swift */,
			);
			path = Model;
			sourceTree = "<group>";
		};
		9CD16438229655F7007CAAA0 = {
			isa = PBXGroup;
			children = (
				9C1784E3229E745900744507 /* Hu-Food */,
				9CD16442229655F7007CAAA0 /* Products */,
				B3455B3DBD6E94F24BD2DA4C /* Pods */,
				E5062241151445C268415009 /* Frameworks */,
			);
			sourceTree = "<group>";
		};
		9CD16442229655F7007CAAA0 /* Products */ = {
			isa = PBXGroup;
			children = (
				9CD16441229655F7007CAAA0 /* Hu-Food.app */,
			);
			name = Products;
			sourceTree = "<group>";
		};
		B3455B3DBD6E94F24BD2DA4C /* Pods */ = {
			isa = PBXGroup;
			children = (
				0BF2638F9DA2B98AEE6A6907 /* Pods-Hu-Food.debug.xcconfig */,
				571D71AEADCB5068677D14B1 /* Pods-Hu-Food.release.xcconfig */,
				F53A695A1FE7C5AEA9306E2A /* Pods-Hu-FoodTests.debug.xcconfig */,
				16A343856D6FE625FE441F28 /* Pods-Hu-FoodTests.release.xcconfig */,
				B200D943C0BD97999558A256 /* Pods-Hu-FoodUITests.debug.xcconfig */,
				227179980246DA5798A0018E /* Pods-Hu-FoodUITests.release.xcconfig */,
			);
			path = Pods;
			sourceTree = "<group>";
		};
		E5062241151445C268415009 /* Frameworks */ = {
			isa = PBXGroup;
			children = (
				C293294903A0A54BA7F618E4 /* Pods_Hu_Food.framework */,
			);
			name = Frameworks;
			sourceTree = "<group>";
		};
/* End PBXGroup section */

/* Begin PBXNativeTarget section */
		9CD16440229655F7007CAAA0 /* Hu-Food */ = {
			isa = PBXNativeTarget;
			buildConfigurationList = 9CD16469229655FA007CAAA0 /* Build configuration list for PBXNativeTarget "Hu-Food" */;
			buildPhases = (
				6B8A077778514BB8A1407831 /* [CP] Check Pods Manifest.lock */,
				9CD1643D229655F7007CAAA0 /* Sources */,
				9CD1643E229655F7007CAAA0 /* Frameworks */,
				9CD1643F229655F7007CAAA0 /* Resources */,
				C8CEF706614EA77A789424ED /* [CP] Embed Pods Frameworks */,
				9CEE67D1229CE31800D82CC2 /* ShellScript */,
			);
			buildRules = (
			);
			dependencies = (
			);
			name = "Hu-Food";
			productName = "Hu-Food";
			productReference = 9CD16441229655F7007CAAA0 /* Hu-Food.app */;
			productType = "com.apple.product-type.application";
		};
/* End PBXNativeTarget section */

/* Begin PBXProject section */
		9CD16439229655F7007CAAA0 /* Project object */ = {
			isa = PBXProject;
			attributes = {
				LastSwiftUpdateCheck = 1020;
				LastUpgradeCheck = 1020;
				ORGANIZATIONNAME = nguyen.the.trinh;
				TargetAttributes = {
					9CD16440229655F7007CAAA0 = {
						CreatedOnToolsVersion = 10.2.1;
					};
				};
			};
			buildConfigurationList = 9CD1643C229655F7007CAAA0 /* Build configuration list for PBXProject "Hu-Food" */;
			compatibilityVersion = "Xcode 9.3";
			developmentRegion = en;
			hasScannedForEncodings = 0;
			knownRegions = (
				en,
				Base,
			);
			mainGroup = 9CD16438229655F7007CAAA0;
			productRefGroup = 9CD16442229655F7007CAAA0 /* Products */;
			projectDirPath = "";
			projectRoot = "";
			targets = (
				9CD16440229655F7007CAAA0 /* Hu-Food */,
			);
		};
/* End PBXProject section */

/* Begin PBXResourcesBuildPhase section */
		9CD1643F229655F7007CAAA0 /* Resources */ = {
			isa = PBXResourcesBuildPhase;
			buildActionMask = 2147483647;
			files = (
				CFF980E622A02237004873D4 /* RestaurantCell.xib in Resources */,
				9C8E6E70229E8457009FCE9A /* GoogleService-Info.plist in Resources */,
				9C8E6E71229E8457009FCE9A /* LaunchScreen.storyboard in Resources */,
				9C8E6E6E229E842B009FCE9A /* Main.storyboard in Resources */,
				9CE9AA32229FEC84001184C8 /* Assets.xcassets in Resources */,
				9C8E6E6F229E842B009FCE9A /* LoginAndRegister.storyboard in Resources */,
				9CE9AA30229FE3B3001184C8 /* imagePlaceHolder.png in Resources */,
			);
			runOnlyForDeploymentPostprocessing = 0;
		};
/* End PBXResourcesBuildPhase section */

/* Begin PBXShellScriptBuildPhase section */
		6B8A077778514BB8A1407831 /* [CP] Check Pods Manifest.lock */ = {
			isa = PBXShellScriptBuildPhase;
			buildActionMask = 2147483647;
			files = (
			);
			inputFileListPaths = (
			);
			inputPaths = (
				"${PODS_PODFILE_DIR_PATH}/Podfile.lock",
				"${PODS_ROOT}/Manifest.lock",
			);
			name = "[CP] Check Pods Manifest.lock";
			outputFileListPaths = (
			);
			outputPaths = (
				"$(DERIVED_FILE_DIR)/Pods-Hu-Food-checkManifestLockResult.txt",
			);
			runOnlyForDeploymentPostprocessing = 0;
			shellPath = /bin/sh;
			shellScript = "diff \"${PODS_PODFILE_DIR_PATH}/Podfile.lock\" \"${PODS_ROOT}/Manifest.lock\" > /dev/null\nif [ $? != 0 ] ; then\n    # print error to STDERR\n    echo \"error: The sandbox is not in sync with the Podfile.lock. Run 'pod install' or update your CocoaPods installation.\" >&2\n    exit 1\nfi\n# This output is used by Xcode 'outputs' to avoid re-running this script phase.\necho \"SUCCESS\" > \"${SCRIPT_OUTPUT_FILE_0}\"\n";
			showEnvVarsInLog = 0;
		};
		9CEE67D1229CE31800D82CC2 /* ShellScript */ = {
			isa = PBXShellScriptBuildPhase;
			buildActionMask = 2147483647;
			files = (
			);
			inputFileListPaths = (
			);
			inputPaths = (
			);
			outputFileListPaths = (
			);
			outputPaths = (
			);
			runOnlyForDeploymentPostprocessing = 0;
			shellPath = /bin/sh;
			shellScript = "if which swiftlint >/dev/null; then\nswiftlint\nelse\necho \"warning: SwiftLint not installed, download from https://github.com/realm/SwiftLint\"\nfi\n";
		};
		C8CEF706614EA77A789424ED /* [CP] Embed Pods Frameworks */ = {
			isa = PBXShellScriptBuildPhase;
			buildActionMask = 2147483647;
			files = (
			);
			inputFileListPaths = (
				"${PODS_ROOT}/Target Support Files/Pods-Hu-Food/Pods-Hu-Food-frameworks-${CONFIGURATION}-input-files.xcfilelist",
			);
			name = "[CP] Embed Pods Frameworks";
			outputFileListPaths = (
				"${PODS_ROOT}/Target Support Files/Pods-Hu-Food/Pods-Hu-Food-frameworks-${CONFIGURATION}-output-files.xcfilelist",
			);
			runOnlyForDeploymentPostprocessing = 0;
			shellPath = /bin/sh;
			shellScript = "\"${PODS_ROOT}/Target Support Files/Pods-Hu-Food/Pods-Hu-Food-frameworks.sh\"\n";
			showEnvVarsInLog = 0;
		};
/* End PBXShellScriptBuildPhase section */

/* Begin PBXSourcesBuildPhase section */
		9CD1643D229655F7007CAAA0 /* Sources */ = {
			isa = PBXSourcesBuildPhase;
			buildActionMask = 2147483647;
			files = (
				9C17852E229E745900744507 /* LoginViewController.swift in Sources */,
				9C17853B229E745900744507 /* APIService.swift in Sources */,
				9C178534229E745900744507 /* UserReponsitory.swift in Sources */,
				9C17852F229E745900744507 /* RegisterViewController.swift in Sources */,
				9C178527229E745900744507 /* UIView+.swift in Sources */,
				9C178535229E745900744507 /* CustomRequestAdapter.swift in Sources */,
				9C178544229E745900744507 /* RestSearchDetail.swift in Sources */,
				9C17853F229E745900744507 /* FoodRequest.swift in Sources */,
				9C178539229E745900744507 /* FoodResponse.swift in Sources */,
				9C178536229E745900744507 /* BaseResult.swift in Sources */,
				9C17853E229E745900744507 /* BaseRequest.swift in Sources */,
				9C178532229E745900744507 /* MainViewController.swift in Sources */,
				9C17852D229E745900744507 /* UserViewController.swift in Sources */,
				9C17853D229E745900744507 /* ReviewsRequest.swift in Sources */,
				9C178537229E745900744507 /* UserDataResult.swift in Sources */,
				9C178533229E745900744507 /* RepoFood.swift in Sources */,
				9C178545229E745900744507 /* RestDetail.swift in Sources */,
				9CE9AA2C229F84BA001184C8 /* UIColorExtension.swift in Sources */,
				9C178521229E745900744507 /* AppDelegate.swift in Sources */,
				9C178531229E745900744507 /* RestaurantCell.swift in Sources */,
				9C178546229E745900744507 /* CategoryFood.swift in Sources */,
				9C178529229E745900744507 /* UIViewController+Debug.swift in Sources */,
				9C178528229E745900744507 /* UIViewController+.swift in Sources */,
				9C178540229E745900744507 /* InforRestaurantRequest.swift in Sources */,
				9C17853C229E745900744507 /* APIUrls.swift in Sources */,
				9C17853A229E745900744507 /* ReviewResponse.swift in Sources */,
				9C178541229E745900744507 /* ErrorResponse.swift in Sources */,
				9C178543229E745900744507 /* Reviews.swift in Sources */,
				9C178538229E745900744507 /* API.swift in Sources */,
				9C17852B229E745900744507 /* Storyboards.swift in Sources */,
				9C178542229E745900744507 /* BaseError.swift in Sources */,
			);
			runOnlyForDeploymentPostprocessing = 0;
		};
/* End PBXSourcesBuildPhase section */

/* Begin PBXVariantGroup section */
		9C1784EA229E745900744507 /* LaunchScreen.storyboard */ = {
			isa = PBXVariantGroup;
			children = (
				9C1784EB229E745900744507 /* Base */,
			);
			name = LaunchScreen.storyboard;
			sourceTree = "<group>";
		};
		9C1784F3229E745900744507 /* Main.storyboard */ = {
			isa = PBXVariantGroup;
			children = (
				9C1784F4229E745900744507 /* Base */,
			);
			name = Main.storyboard;
			sourceTree = "<group>";
		};
/* End PBXVariantGroup section */

/* Begin XCBuildConfiguration section */
		9CD16467229655FA007CAAA0 /* Debug */ = {
			isa = XCBuildConfiguration;
			buildSettings = {
				ALWAYS_SEARCH_USER_PATHS = NO;
				CLANG_ANALYZER_NONNULL = YES;
				CLANG_ANALYZER_NUMBER_OBJECT_CONVERSION = YES_AGGRESSIVE;
				CLANG_CXX_LANGUAGE_STANDARD = "gnu++14";
				CLANG_CXX_LIBRARY = "libc++";
				CLANG_ENABLE_MODULES = YES;
				CLANG_ENABLE_OBJC_ARC = YES;
				CLANG_ENABLE_OBJC_WEAK = YES;
				CLANG_WARN_BLOCK_CAPTURE_AUTORELEASING = YES;
				CLANG_WARN_BOOL_CONVERSION = YES;
				CLANG_WARN_COMMA = YES;
				CLANG_WARN_CONSTANT_CONVERSION = YES;
				CLANG_WARN_DEPRECATED_OBJC_IMPLEMENTATIONS = YES;
				CLANG_WARN_DIRECT_OBJC_ISA_USAGE = YES_ERROR;
				CLANG_WARN_DOCUMENTATION_COMMENTS = YES;
				CLANG_WARN_EMPTY_BODY = YES;
				CLANG_WARN_ENUM_CONVERSION = YES;
				CLANG_WARN_INFINITE_RECURSION = YES;
				CLANG_WARN_INT_CONVERSION = YES;
				CLANG_WARN_NON_LITERAL_NULL_CONVERSION = YES;
				CLANG_WARN_OBJC_IMPLICIT_RETAIN_SELF = YES;
				CLANG_WARN_OBJC_LITERAL_CONVERSION = YES;
				CLANG_WARN_OBJC_ROOT_CLASS = YES_ERROR;
				CLANG_WARN_RANGE_LOOP_ANALYSIS = YES;
				CLANG_WARN_STRICT_PROTOTYPES = YES;
				CLANG_WARN_SUSPICIOUS_MOVE = YES;
				CLANG_WARN_UNGUARDED_AVAILABILITY = YES_AGGRESSIVE;
				CLANG_WARN_UNREACHABLE_CODE = YES;
				CLANG_WARN__DUPLICATE_METHOD_MATCH = YES;
				CODE_SIGN_IDENTITY = "iPhone Developer";
				COPY_PHASE_STRIP = NO;
				DEBUG_INFORMATION_FORMAT = dwarf;
				ENABLE_STRICT_OBJC_MSGSEND = YES;
				ENABLE_TESTABILITY = YES;
				GCC_C_LANGUAGE_STANDARD = gnu11;
				GCC_DYNAMIC_NO_PIC = NO;
				GCC_NO_COMMON_BLOCKS = YES;
				GCC_OPTIMIZATION_LEVEL = 0;
				GCC_PREPROCESSOR_DEFINITIONS = (
					"DEBUG=1",
					"$(inherited)",
				);
				GCC_WARN_64_TO_32_BIT_CONVERSION = YES;
				GCC_WARN_ABOUT_RETURN_TYPE = YES_ERROR;
				GCC_WARN_UNDECLARED_SELECTOR = YES;
				GCC_WARN_UNINITIALIZED_AUTOS = YES_AGGRESSIVE;
				GCC_WARN_UNUSED_FUNCTION = YES;
				GCC_WARN_UNUSED_VARIABLE = YES;
				IPHONEOS_DEPLOYMENT_TARGET = 12.2;
				MTL_ENABLE_DEBUG_INFO = INCLUDE_SOURCE;
				MTL_FAST_MATH = YES;
				ONLY_ACTIVE_ARCH = YES;
				SDKROOT = iphoneos;
				SWIFT_ACTIVE_COMPILATION_CONDITIONS = DEBUG;
				SWIFT_OPTIMIZATION_LEVEL = "-Onone";
			};
			name = Debug;
		};
		9CD16468229655FA007CAAA0 /* Release */ = {
			isa = XCBuildConfiguration;
			buildSettings = {
				ALWAYS_SEARCH_USER_PATHS = NO;
				CLANG_ANALYZER_NONNULL = YES;
				CLANG_ANALYZER_NUMBER_OBJECT_CONVERSION = YES_AGGRESSIVE;
				CLANG_CXX_LANGUAGE_STANDARD = "gnu++14";
				CLANG_CXX_LIBRARY = "libc++";
				CLANG_ENABLE_MODULES = YES;
				CLANG_ENABLE_OBJC_ARC = YES;
				CLANG_ENABLE_OBJC_WEAK = YES;
				CLANG_WARN_BLOCK_CAPTURE_AUTORELEASING = YES;
				CLANG_WARN_BOOL_CONVERSION = YES;
				CLANG_WARN_COMMA = YES;
				CLANG_WARN_CONSTANT_CONVERSION = YES;
				CLANG_WARN_DEPRECATED_OBJC_IMPLEMENTATIONS = YES;
				CLANG_WARN_DIRECT_OBJC_ISA_USAGE = YES_ERROR;
				CLANG_WARN_DOCUMENTATION_COMMENTS = YES;
				CLANG_WARN_EMPTY_BODY = YES;
				CLANG_WARN_ENUM_CONVERSION = YES;
				CLANG_WARN_INFINITE_RECURSION = YES;
				CLANG_WARN_INT_CONVERSION = YES;
				CLANG_WARN_NON_LITERAL_NULL_CONVERSION = YES;
				CLANG_WARN_OBJC_IMPLICIT_RETAIN_SELF = YES;
				CLANG_WARN_OBJC_LITERAL_CONVERSION = YES;
				CLANG_WARN_OBJC_ROOT_CLASS = YES_ERROR;
				CLANG_WARN_RANGE_LOOP_ANALYSIS = YES;
				CLANG_WARN_STRICT_PROTOTYPES = YES;
				CLANG_WARN_SUSPICIOUS_MOVE = YES;
				CLANG_WARN_UNGUARDED_AVAILABILITY = YES_AGGRESSIVE;
				CLANG_WARN_UNREACHABLE_CODE = YES;
				CLANG_WARN__DUPLICATE_METHOD_MATCH = YES;
				CODE_SIGN_IDENTITY = "iPhone Developer";
				COPY_PHASE_STRIP = NO;
				DEBUG_INFORMATION_FORMAT = "dwarf-with-dsym";
				ENABLE_NS_ASSERTIONS = NO;
				ENABLE_STRICT_OBJC_MSGSEND = YES;
				GCC_C_LANGUAGE_STANDARD = gnu11;
				GCC_NO_COMMON_BLOCKS = YES;
				GCC_WARN_64_TO_32_BIT_CONVERSION = YES;
				GCC_WARN_ABOUT_RETURN_TYPE = YES_ERROR;
				GCC_WARN_UNDECLARED_SELECTOR = YES;
				GCC_WARN_UNINITIALIZED_AUTOS = YES_AGGRESSIVE;
				GCC_WARN_UNUSED_FUNCTION = YES;
				GCC_WARN_UNUSED_VARIABLE = YES;
				IPHONEOS_DEPLOYMENT_TARGET = 12.2;
				MTL_ENABLE_DEBUG_INFO = NO;
				MTL_FAST_MATH = YES;
				SDKROOT = iphoneos;
				SWIFT_COMPILATION_MODE = wholemodule;
				SWIFT_OPTIMIZATION_LEVEL = "-O";
				VALIDATE_PRODUCT = YES;
			};
			name = Release;
		};
		9CD1646A229655FA007CAAA0 /* Debug */ = {
			isa = XCBuildConfiguration;
			baseConfigurationReference = 0BF2638F9DA2B98AEE6A6907 /* Pods-Hu-Food.debug.xcconfig */;
			buildSettings = {
				ASSETCATALOG_COMPILER_APPICON_NAME = AppIcon;
				CODE_SIGN_STYLE = Automatic;
				DEVELOPMENT_TEAM = CXTBV65XSW;
				INFOPLIST_FILE = "Hu-Food/Info.plist";
				LD_RUNPATH_SEARCH_PATHS = (
					"$(inherited)",
					"@executable_path/Frameworks",
				);
				PRODUCT_BUNDLE_IDENTIFIER = "com.sun-asterisk.Hu-Food";
				PRODUCT_NAME = "$(TARGET_NAME)";
				SWIFT_OBJC_BRIDGING_HEADER = "Hu-Food/Bridging-Header.h";
				SWIFT_VERSION = 5.0;
				TARGETED_DEVICE_FAMILY = "1,2";
			};
			name = Debug;
		};
		9CD1646B229655FA007CAAA0 /* Release */ = {
			isa = XCBuildConfiguration;
			baseConfigurationReference = 571D71AEADCB5068677D14B1 /* Pods-Hu-Food.release.xcconfig */;
			buildSettings = {
				ASSETCATALOG_COMPILER_APPICON_NAME = AppIcon;
				CODE_SIGN_STYLE = Automatic;
				DEVELOPMENT_TEAM = CXTBV65XSW;
				INFOPLIST_FILE = "Hu-Food/Info.plist";
				LD_RUNPATH_SEARCH_PATHS = (
					"$(inherited)",
					"@executable_path/Frameworks",
				);
				PRODUCT_BUNDLE_IDENTIFIER = "com.sun-asterisk.Hu-Food";
				PRODUCT_NAME = "$(TARGET_NAME)";
				SWIFT_OBJC_BRIDGING_HEADER = "Hu-Food/Bridging-Header.h";
				SWIFT_VERSION = 5.0;
				TARGETED_DEVICE_FAMILY = "1,2";
			};
			name = Release;
		};
/* End XCBuildConfiguration section */

/* Begin XCConfigurationList section */
		9CD1643C229655F7007CAAA0 /* Build configuration list for PBXProject "Hu-Food" */ = {
			isa = XCConfigurationList;
			buildConfigurations = (
				9CD16467229655FA007CAAA0 /* Debug */,
				9CD16468229655FA007CAAA0 /* Release */,
			);
			defaultConfigurationIsVisible = 0;
			defaultConfigurationName = Release;
		};
		9CD16469229655FA007CAAA0 /* Build configuration list for PBXNativeTarget "Hu-Food" */ = {
			isa = XCConfigurationList;
			buildConfigurations = (
				9CD1646A229655FA007CAAA0 /* Debug */,
				9CD1646B229655FA007CAAA0 /* Release */,
			);
			defaultConfigurationIsVisible = 0;
			defaultConfigurationName = Release;
		};
/* End XCConfigurationList section */
	};
	rootObject = 9CD16439229655F7007CAAA0 /* Project object */;
}
